// !$*UTF8*$!
{
	archiveVersion = 1;
	classes = {
	};
	objectVersion = 46;
	objects = {

/* Begin PBXBuildFile section */
		0E4B69702131B00E0052A0C7 /* APIRouter.swift in Sources */ = {isa = PBXBuildFile; fileRef = 0E4B696F2131B00E0052A0C7 /* APIRouter.swift */; };
		0E4B69722131B0620052A0C7 /* APIConfiguration.swift in Sources */ = {isa = PBXBuildFile; fileRef = 0E4B69712131B0620052A0C7 /* APIConfiguration.swift */; };
		0E4B69742131B08D0052A0C7 /* UserEndpoint.swift in Sources */ = {isa = PBXBuildFile; fileRef = 0E4B69732131B08C0052A0C7 /* UserEndpoint.swift */; };
		0E4B6976213271220052A0C7 /* FilterCommentMaskView.swift in Sources */ = {isa = PBXBuildFile; fileRef = 0E4B6975213271220052A0C7 /* FilterCommentMaskView.swift */; };
		0E4B6979213293C00052A0C7 /* CommentMaskViewCell.swift in Sources */ = {isa = PBXBuildFile; fileRef = 0E4B6977213293C00052A0C7 /* CommentMaskViewCell.swift */; };
		0E4B697A213293C00052A0C7 /* CommentMaskViewCell.xib in Resources */ = {isa = PBXBuildFile; fileRef = 0E4B6978213293C00052A0C7 /* CommentMaskViewCell.xib */; };
		0E4B697C2132A1830052A0C7 /* QuestionMaskView.xib in Resources */ = {isa = PBXBuildFile; fileRef = 0E4B697B2132A1830052A0C7 /* QuestionMaskView.xib */; };
		0E4B69802134218C0052A0C7 /* RandomMaskView.swift in Sources */ = {isa = PBXBuildFile; fileRef = 0E4B697F2134218C0052A0C7 /* RandomMaskView.swift */; };
		0EBDF21421290B0500A1A4C9 /* ErrorCode.swift in Sources */ = {isa = PBXBuildFile; fileRef = 0EBDF21321290B0500A1A4C9 /* ErrorCode.swift */; };
		0EC3FC63212DBC8600278E61 /* CommentMaskView.swift in Sources */ = {isa = PBXBuildFile; fileRef = 0EC3FC62212DBC8600278E61 /* CommentMaskView.swift */; };
		18042BDC210D52C500F48229 /* WarterMarkServices.swift in Sources */ = {isa = PBXBuildFile; fileRef = 18042BDB210D52C500F48229 /* WarterMarkServices.swift */; };
		18042BDF210D8B5F00F48229 /* CountDownViewCell.swift in Sources */ = {isa = PBXBuildFile; fileRef = 18042BDD210D8B5F00F48229 /* CountDownViewCell.swift */; };
		18042BE0210D8B5F00F48229 /* CountDownViewCell.xib in Resources */ = {isa = PBXBuildFile; fileRef = 18042BDE210D8B5F00F48229 /* CountDownViewCell.xib */; };
		18042BE3210DA18900F48229 /* SloganViewCell.swift in Sources */ = {isa = PBXBuildFile; fileRef = 18042BE1210DA18900F48229 /* SloganViewCell.swift */; };
		18042BE4210DA18900F48229 /* SloganViewCell.xib in Resources */ = {isa = PBXBuildFile; fileRef = 18042BE2210DA18900F48229 /* SloganViewCell.xib */; };
		18042BEB210DB0E400F48229 /* FrameViewCellV2.swift in Sources */ = {isa = PBXBuildFile; fileRef = 18042BE9210DB0E400F48229 /* FrameViewCellV2.swift */; };
		18042BEC210DB0E400F48229 /* FrameViewCellV2.xib in Resources */ = {isa = PBXBuildFile; fileRef = 18042BEA210DB0E400F48229 /* FrameViewCellV2.xib */; };
		18042BEF210DB23200F48229 /* PinCommentViewCell.swift in Sources */ = {isa = PBXBuildFile; fileRef = 18042BED210DB23200F48229 /* PinCommentViewCell.swift */; };
		18042BF0210DB23200F48229 /* PinCommentViewCell.xib in Resources */ = {isa = PBXBuildFile; fileRef = 18042BEE210DB23200F48229 /* PinCommentViewCell.xib */; };
		18042BF3210DB68200F48229 /* QuestionViewCell.swift in Sources */ = {isa = PBXBuildFile; fileRef = 18042BF1210DB68200F48229 /* QuestionViewCell.swift */; };
		18042BF4210DB68200F48229 /* QuestionViewCell.xib in Resources */ = {isa = PBXBuildFile; fileRef = 18042BF2210DB68200F48229 /* QuestionViewCell.xib */; };
		18042BF7210DBF1A00F48229 /* FilterCommentViewCell.swift in Sources */ = {isa = PBXBuildFile; fileRef = 18042BF5210DBF1A00F48229 /* FilterCommentViewCell.swift */; };
		18042BF8210DBF1A00F48229 /* FilterCommentViewCell.xib in Resources */ = {isa = PBXBuildFile; fileRef = 18042BF6210DBF1A00F48229 /* FilterCommentViewCell.xib */; };
		18042BFB210DF77F00F48229 /* CatchWordViewCell.swift in Sources */ = {isa = PBXBuildFile; fileRef = 18042BF9210DF77F00F48229 /* CatchWordViewCell.swift */; };
		18042BFC210DF77F00F48229 /* CatchWordViewCell.xib in Resources */ = {isa = PBXBuildFile; fileRef = 18042BFA210DF77F00F48229 /* CatchWordViewCell.xib */; };
		18042BFF210DFCF400F48229 /* RandomNumberViewCell.swift in Sources */ = {isa = PBXBuildFile; fileRef = 18042BFD210DFCF400F48229 /* RandomNumberViewCell.swift */; };
		18042C00210DFCF400F48229 /* RandomNumberViewCell.xib in Resources */ = {isa = PBXBuildFile; fileRef = 18042BFE210DFCF400F48229 /* RandomNumberViewCell.xib */; };
		182C799E21173F55008D65CB /* LoginViewController.swift in Sources */ = {isa = PBXBuildFile; fileRef = 182C799C21173F55008D65CB /* LoginViewController.swift */; };
		182C799F21173F55008D65CB /* LoginViewController.xib in Resources */ = {isa = PBXBuildFile; fileRef = 182C799D21173F55008D65CB /* LoginViewController.xib */; };
		1854DB2F210D4C9C009DF33D /* BaseInfo.swift in Sources */ = {isa = PBXBuildFile; fileRef = 1854DB2E210D4C9C009DF33D /* BaseInfo.swift */; };
		186020382115B57700662714 /* QuestionMaskView.swift in Sources */ = {isa = PBXBuildFile; fileRef = 186020372115B57700662714 /* QuestionMaskView.swift */; };
		1860203A2115C0B300662714 /* StreamInfo.swift in Sources */ = {isa = PBXBuildFile; fileRef = 186020392115C0B300662714 /* StreamInfo.swift */; };
		1860203C2115CBFC00662714 /* FacebookComment.swift in Sources */ = {isa = PBXBuildFile; fileRef = 1860203B2115CBFC00662714 /* FacebookComment.swift */; };
		1860203E2115DE8C00662714 /* StreamCommentView.swift in Sources */ = {isa = PBXBuildFile; fileRef = 1860203D2115DE8C00662714 /* StreamCommentView.swift */; };
		186020412115E26A00662714 /* StreamCommentViewCell.swift in Sources */ = {isa = PBXBuildFile; fileRef = 1860203F2115E26A00662714 /* StreamCommentViewCell.swift */; };
		186020422115E26A00662714 /* StreamCommentViewCell.xib in Resources */ = {isa = PBXBuildFile; fileRef = 186020402115E26A00662714 /* StreamCommentViewCell.xib */; };
		186020442116BE8E00662714 /* CatchWordMaskView.swift in Sources */ = {isa = PBXBuildFile; fileRef = 186020432116BE8E00662714 /* CatchWordMaskView.swift */; };
		186020462116D33200662714 /* VideoMaskView.swift in Sources */ = {isa = PBXBuildFile; fileRef = 186020452116D33200662714 /* VideoMaskView.swift */; };
		186020492116D5FD00662714 /* VideoViewCell.swift in Sources */ = {isa = PBXBuildFile; fileRef = 186020472116D5FD00662714 /* VideoViewCell.swift */; };
		1860204A2116D5FD00662714 /* VideoViewCell.xib in Resources */ = {isa = PBXBuildFile; fileRef = 186020482116D5FD00662714 /* VideoViewCell.xib */; };
		187A1686210B8A3E00F418CF /* MenuViewCell.swift in Sources */ = {isa = PBXBuildFile; fileRef = 187A1685210B8A3E00F418CF /* MenuViewCell.swift */; };
		187A1688210C172D00F418CF /* libstdc++.tbd in Frameworks */ = {isa = PBXBuildFile; fileRef = 187A1687210C172D00F418CF /* libstdc++.tbd */; };
		187A168A210C173500F418CF /* libz.tbd in Frameworks */ = {isa = PBXBuildFile; fileRef = 187A1689210C173500F418CF /* libz.tbd */; };
		187A168C210C173C00F418CF /* VideoToolbox.framework in Frameworks */ = {isa = PBXBuildFile; fileRef = 187A168B210C173B00F418CF /* VideoToolbox.framework */; };
		187A168E210C174600F418CF /* AudioToolbox.framework in Frameworks */ = {isa = PBXBuildFile; fileRef = 187A168D210C174600F418CF /* AudioToolbox.framework */; };
		187A1690210C174C00F418CF /* AVFoundation.framework in Frameworks */ = {isa = PBXBuildFile; fileRef = 187A168F210C174C00F418CF /* AVFoundation.framework */; };
		187A1692210C175300F418CF /* Foundation.framework in Frameworks */ = {isa = PBXBuildFile; fileRef = 187A1691210C175300F418CF /* Foundation.framework */; };
		187A1694210C175800F418CF /* UIKit.framework in Frameworks */ = {isa = PBXBuildFile; fileRef = 187A1693210C175800F418CF /* UIKit.framework */; };
		189C0EED210A12C500ADF7FF /* ProfileViewController.swift in Sources */ = {isa = PBXBuildFile; fileRef = 189C0EEC210A12C500ADF7FF /* ProfileViewController.swift */; };
		189C0EF4210A133A00ADF7FF /* StreamViewController.swift in Sources */ = {isa = PBXBuildFile; fileRef = 189C0EF3210A133A00ADF7FF /* StreamViewController.swift */; };
		189C0EF6210A134B00ADF7FF /* HistoryViewController.swift in Sources */ = {isa = PBXBuildFile; fileRef = 189C0EF5210A134B00ADF7FF /* HistoryViewController.swift */; };
		189C0EF8210A136400ADF7FF /* SetupViewController.swift in Sources */ = {isa = PBXBuildFile; fileRef = 189C0EF7210A136400ADF7FF /* SetupViewController.swift */; };
		189C0EFA210A16CF00ADF7FF /* BaseTabbarController.swift in Sources */ = {isa = PBXBuildFile; fileRef = 189C0EF9210A16CE00ADF7FF /* BaseTabbarController.swift */; };
		189C0EFF210A22B800ADF7FF /* StreamHistoryViewCell.swift in Sources */ = {isa = PBXBuildFile; fileRef = 189C0EFD210A22B800ADF7FF /* StreamHistoryViewCell.swift */; };
		189C0F00210A22B800ADF7FF /* StreamHistoryViewCell.xib in Resources */ = {isa = PBXBuildFile; fileRef = 189C0EFE210A22B800ADF7FF /* StreamHistoryViewCell.xib */; };
		18AF752F211B4E510087FDB3 /* Videos.swift in Sources */ = {isa = PBXBuildFile; fileRef = 18AF752E211B4E510087FDB3 /* Videos.swift */; };
		18AF7531211B52FA0087FDB3 /* galaxy.mp4 in Resources */ = {isa = PBXBuildFile; fileRef = 18AF7530211B52D20087FDB3 /* galaxy.mp4 */; };
		18DB2AAC210CA3F9005864E1 /* FacebookServices.swift in Sources */ = {isa = PBXBuildFile; fileRef = 18DB2AAB210CA3F9005864E1 /* FacebookServices.swift */; };
		18DB2AB8210CC226005864E1 /* FacebookInfo.swift in Sources */ = {isa = PBXBuildFile; fileRef = 18DB2AB7210CC226005864E1 /* FacebookInfo.swift */; };
		18DBC7EA211204A500C34D3E /* APIServices.swift in Sources */ = {isa = PBXBuildFile; fileRef = 18DBC7E9211204A500C34D3E /* APIServices.swift */; };
		18DBC7EC2114ADEE00C34D3E /* User.swift in Sources */ = {isa = PBXBuildFile; fileRef = 18DBC7EB2114ADEE00C34D3E /* User.swift */; };
		18DBC7EE2114B33100C34D3E /* StringUtils.swift in Sources */ = {isa = PBXBuildFile; fileRef = 18DBC7ED2114B33100C34D3E /* StringUtils.swift */; };
		58C4864B08C09722985BAD0A /* Pods_facebook_live_ios_sample.framework in Frameworks */ = {isa = PBXBuildFile; fileRef = 623B35CB2F605030CBDC37BD /* Pods_facebook_live_ios_sample.framework */; };
		DB40E2301E71567E009E7C74 /* FBSDKLiveVideo.swift in Sources */ = {isa = PBXBuildFile; fileRef = DB40E22F1E71567E009E7C74 /* FBSDKLiveVideo.swift */; };
		DB9C406E1E70527D00CCBD83 /* AppDelegate.swift in Sources */ = {isa = PBXBuildFile; fileRef = DB9C406D1E70527D00CCBD83 /* AppDelegate.swift */; };
		DB9C40701E70527D00CCBD83 /* HKLiveVideoViewController.swift in Sources */ = {isa = PBXBuildFile; fileRef = DB9C406F1E70527D00CCBD83 /* HKLiveVideoViewController.swift */; };
		DB9C40731E70527D00CCBD83 /* Main.storyboard in Resources */ = {isa = PBXBuildFile; fileRef = DB9C40711E70527D00CCBD83 /* Main.storyboard */; };
		DB9C40751E70527D00CCBD83 /* Assets.xcassets in Resources */ = {isa = PBXBuildFile; fileRef = DB9C40741E70527D00CCBD83 /* Assets.xcassets */; };
		DB9C40781E70527D00CCBD83 /* LaunchScreen.storyboard in Resources */ = {isa = PBXBuildFile; fileRef = DB9C40761E70527D00CCBD83 /* LaunchScreen.storyboard */; };
		EC295AAF21185D03005AC814 /* Constant.swift in Sources */ = {isa = PBXBuildFile; fileRef = EC295AAE21185D03005AC814 /* Constant.swift */; };
		EC5136E42112CA3900391C60 /* material_loader.json in Resources */ = {isa = PBXBuildFile; fileRef = EC5136E32112CA3900391C60 /* material_loader.json */; };
		EC53B2B8210AD07A000A3866 /* StreamAccountViewCell.swift in Sources */ = {isa = PBXBuildFile; fileRef = EC53B2B6210AD07A000A3866 /* StreamAccountViewCell.swift */; };
		EC53B2B9210AD07A000A3866 /* StreamAccountViewCell.xib in Resources */ = {isa = PBXBuildFile; fileRef = EC53B2B7210AD07A000A3866 /* StreamAccountViewCell.xib */; };
		EC53B2BD210AED22000A3866 /* FrameViewCell.swift in Sources */ = {isa = PBXBuildFile; fileRef = EC53B2BB210AED22000A3866 /* FrameViewCell.swift */; };
		EC53B2BE210AED22000A3866 /* FrameViewCell.xib in Resources */ = {isa = PBXBuildFile; fileRef = EC53B2BC210AED22000A3866 /* FrameViewCell.xib */; };
		EC53B2C2210B03B9000A3866 /* StreamOptionViewCell.swift in Sources */ = {isa = PBXBuildFile; fileRef = EC53B2C0210B03B9000A3866 /* StreamOptionViewCell.swift */; };
		EC53B2C3210B03B9000A3866 /* StreamOptionViewCell.xib in Resources */ = {isa = PBXBuildFile; fileRef = EC53B2C1210B03B9000A3866 /* StreamOptionViewCell.xib */; };
		EC53B2C6210B09E2000A3866 /* UrlStreamViewCell.swift in Sources */ = {isa = PBXBuildFile; fileRef = EC53B2C4210B09E2000A3866 /* UrlStreamViewCell.swift */; };
		EC53B2C7210B09E2000A3866 /* UrlStreamViewCell.xib in Resources */ = {isa = PBXBuildFile; fileRef = EC53B2C5210B09E2000A3866 /* UrlStreamViewCell.xib */; };
		EC53B2CB210B2A14000A3866 /* SelectStreamAccountViewController.swift in Sources */ = {isa = PBXBuildFile; fileRef = EC53B2C9210B2A14000A3866 /* SelectStreamAccountViewController.swift */; };
		EC53B2CF210B2EA6000A3866 /* SelectStreamAccountViewCell.swift in Sources */ = {isa = PBXBuildFile; fileRef = EC53B2CD210B2EA6000A3866 /* SelectStreamAccountViewCell.swift */; };
		EC53B2D0210B2EA6000A3866 /* SelectStreamAccountViewCell.xib in Resources */ = {isa = PBXBuildFile; fileRef = EC53B2CE210B2EA6000A3866 /* SelectStreamAccountViewCell.xib */; };
		EC752C21210F1944004A69C4 /* AddStreamAccountViewController.swift in Sources */ = {isa = PBXBuildFile; fileRef = EC752C1F210F1944004A69C4 /* AddStreamAccountViewController.swift */; };
		EC752C22210F1944004A69C4 /* AddStreamAccountViewController.xib in Resources */ = {isa = PBXBuildFile; fileRef = EC752C20210F1944004A69C4 /* AddStreamAccountViewController.xib */; };
		ECE9439121087901003EB965 /* ImageUtils.swift in Sources */ = {isa = PBXBuildFile; fileRef = ECE9439021087901003EB965 /* ImageUtils.swift */; };
/* End PBXBuildFile section */

/* Begin PBXFileReference section */
		0E4B696F2131B00E0052A0C7 /* APIRouter.swift */ = {isa = PBXFileReference; lastKnownFileType = sourcecode.swift; name = APIRouter.swift; path = Services/Route/APIRouter.swift; sourceTree = "<group>"; };
		0E4B69712131B0620052A0C7 /* APIConfiguration.swift */ = {isa = PBXFileReference; lastKnownFileType = sourcecode.swift; name = APIConfiguration.swift; path = Services/APIConfiguration.swift; sourceTree = "<group>"; };
		0E4B69732131B08C0052A0C7 /* UserEndpoint.swift */ = {isa = PBXFileReference; lastKnownFileType = sourcecode.swift; name = UserEndpoint.swift; path = Services/UserEndpoint.swift; sourceTree = "<group>"; };
		0E4B6975213271220052A0C7 /* FilterCommentMaskView.swift */ = {isa = PBXFileReference; lastKnownFileType = sourcecode.swift; path = FilterCommentMaskView.swift; sourceTree = "<group>"; };
		0E4B6977213293C00052A0C7 /* CommentMaskViewCell.swift */ = {isa = PBXFileReference; lastKnownFileType = sourcecode.swift; path = CommentMaskViewCell.swift; sourceTree = "<group>"; };
		0E4B6978213293C00052A0C7 /* CommentMaskViewCell.xib */ = {isa = PBXFileReference; lastKnownFileType = file.xib; path = CommentMaskViewCell.xib; sourceTree = "<group>"; };
		0E4B697B2132A1830052A0C7 /* QuestionMaskView.xib */ = {isa = PBXFileReference; lastKnownFileType = file.xib; path = QuestionMaskView.xib; sourceTree = "<group>"; };
		0E4B697F2134218C0052A0C7 /* RandomMaskView.swift */ = {isa = PBXFileReference; lastKnownFileType = sourcecode.swift; path = RandomMaskView.swift; sourceTree = "<group>"; };
		0EBDF21321290B0500A1A4C9 /* ErrorCode.swift */ = {isa = PBXFileReference; lastKnownFileType = sourcecode.swift; path = ErrorCode.swift; sourceTree = "<group>"; };
		0EC3FC62212DBC8600278E61 /* CommentMaskView.swift */ = {isa = PBXFileReference; lastKnownFileType = sourcecode.swift; path = CommentMaskView.swift; sourceTree = "<group>"; };
		18042BDB210D52C500F48229 /* WarterMarkServices.swift */ = {isa = PBXFileReference; lastKnownFileType = sourcecode.swift; path = WarterMarkServices.swift; sourceTree = "<group>"; };
		18042BDD210D8B5F00F48229 /* CountDownViewCell.swift */ = {isa = PBXFileReference; lastKnownFileType = sourcecode.swift; name = CountDownViewCell.swift; path = View/CountDownViewCell.swift; sourceTree = "<group>"; };
		18042BDE210D8B5F00F48229 /* CountDownViewCell.xib */ = {isa = PBXFileReference; lastKnownFileType = file.xib; name = CountDownViewCell.xib; path = View/CountDownViewCell.xib; sourceTree = "<group>"; };
		18042BE1210DA18900F48229 /* SloganViewCell.swift */ = {isa = PBXFileReference; lastKnownFileType = sourcecode.swift; name = SloganViewCell.swift; path = View/SloganViewCell.swift; sourceTree = "<group>"; };
		18042BE2210DA18900F48229 /* SloganViewCell.xib */ = {isa = PBXFileReference; lastKnownFileType = file.xib; name = SloganViewCell.xib; path = View/SloganViewCell.xib; sourceTree = "<group>"; };
		18042BE9210DB0E400F48229 /* FrameViewCellV2.swift */ = {isa = PBXFileReference; lastKnownFileType = sourcecode.swift; name = FrameViewCellV2.swift; path = View/FrameViewCellV2.swift; sourceTree = "<group>"; };
		18042BEA210DB0E400F48229 /* FrameViewCellV2.xib */ = {isa = PBXFileReference; lastKnownFileType = file.xib; name = FrameViewCellV2.xib; path = View/FrameViewCellV2.xib; sourceTree = "<group>"; };
		18042BED210DB23200F48229 /* PinCommentViewCell.swift */ = {isa = PBXFileReference; lastKnownFileType = sourcecode.swift; path = PinCommentViewCell.swift; sourceTree = "<group>"; };
		18042BEE210DB23200F48229 /* PinCommentViewCell.xib */ = {isa = PBXFileReference; lastKnownFileType = file.xib; path = PinCommentViewCell.xib; sourceTree = "<group>"; };
		18042BF1210DB68200F48229 /* QuestionViewCell.swift */ = {isa = PBXFileReference; lastKnownFileType = sourcecode.swift; name = QuestionViewCell.swift; path = View/QuestionViewCell.swift; sourceTree = "<group>"; };
		18042BF2210DB68200F48229 /* QuestionViewCell.xib */ = {isa = PBXFileReference; lastKnownFileType = file.xib; name = QuestionViewCell.xib; path = View/QuestionViewCell.xib; sourceTree = "<group>"; };
		18042BF5210DBF1A00F48229 /* FilterCommentViewCell.swift */ = {isa = PBXFileReference; lastKnownFileType = sourcecode.swift; name = FilterCommentViewCell.swift; path = View/FilterCommentViewCell.swift; sourceTree = "<group>"; };
		18042BF6210DBF1A00F48229 /* FilterCommentViewCell.xib */ = {isa = PBXFileReference; lastKnownFileType = file.xib; name = FilterCommentViewCell.xib; path = View/FilterCommentViewCell.xib; sourceTree = "<group>"; };
		18042BF9210DF77F00F48229 /* CatchWordViewCell.swift */ = {isa = PBXFileReference; lastKnownFileType = sourcecode.swift; name = CatchWordViewCell.swift; path = View/CatchWordViewCell.swift; sourceTree = "<group>"; };
		18042BFA210DF77F00F48229 /* CatchWordViewCell.xib */ = {isa = PBXFileReference; lastKnownFileType = file.xib; name = CatchWordViewCell.xib; path = View/CatchWordViewCell.xib; sourceTree = "<group>"; };
		18042BFD210DFCF400F48229 /* RandomNumberViewCell.swift */ = {isa = PBXFileReference; lastKnownFileType = sourcecode.swift; name = RandomNumberViewCell.swift; path = View/RandomNumberViewCell.swift; sourceTree = "<group>"; };
		18042BFE210DFCF400F48229 /* RandomNumberViewCell.xib */ = {isa = PBXFileReference; lastKnownFileType = file.xib; name = RandomNumberViewCell.xib; path = View/RandomNumberViewCell.xib; sourceTree = "<group>"; };
		182C799C21173F55008D65CB /* LoginViewController.swift */ = {isa = PBXFileReference; lastKnownFileType = sourcecode.swift; name = LoginViewController.swift; path = Login/LoginViewController.swift; sourceTree = "<group>"; };
		182C799D21173F55008D65CB /* LoginViewController.xib */ = {isa = PBXFileReference; lastKnownFileType = file.xib; name = LoginViewController.xib; path = Login/LoginViewController.xib; sourceTree = "<group>"; };
		1854DB2E210D4C9C009DF33D /* BaseInfo.swift */ = {isa = PBXFileReference; lastKnownFileType = sourcecode.swift; path = BaseInfo.swift; sourceTree = "<group>"; };
		186020372115B57700662714 /* QuestionMaskView.swift */ = {isa = PBXFileReference; lastKnownFileType = sourcecode.swift; path = QuestionMaskView.swift; sourceTree = "<group>"; };
		186020392115C0B300662714 /* StreamInfo.swift */ = {isa = PBXFileReference; lastKnownFileType = sourcecode.swift; path = StreamInfo.swift; sourceTree = "<group>"; };
		1860203B2115CBFC00662714 /* FacebookComment.swift */ = {isa = PBXFileReference; lastKnownFileType = sourcecode.swift; path = FacebookComment.swift; sourceTree = "<group>"; };
		1860203D2115DE8C00662714 /* StreamCommentView.swift */ = {isa = PBXFileReference; lastKnownFileType = sourcecode.swift; path = StreamCommentView.swift; sourceTree = "<group>"; };
		1860203F2115E26A00662714 /* StreamCommentViewCell.swift */ = {isa = PBXFileReference; lastKnownFileType = sourcecode.swift; name = StreamCommentViewCell.swift; path = View/StreamCommentViewCell.swift; sourceTree = "<group>"; };
		186020402115E26A00662714 /* StreamCommentViewCell.xib */ = {isa = PBXFileReference; lastKnownFileType = file.xib; name = StreamCommentViewCell.xib; path = View/StreamCommentViewCell.xib; sourceTree = "<group>"; };
		186020432116BE8E00662714 /* CatchWordMaskView.swift */ = {isa = PBXFileReference; lastKnownFileType = sourcecode.swift; path = CatchWordMaskView.swift; sourceTree = "<group>"; };
		186020452116D33200662714 /* VideoMaskView.swift */ = {isa = PBXFileReference; lastKnownFileType = sourcecode.swift; path = VideoMaskView.swift; sourceTree = "<group>"; };
		186020472116D5FD00662714 /* VideoViewCell.swift */ = {isa = PBXFileReference; lastKnownFileType = sourcecode.swift; name = VideoViewCell.swift; path = View/VideoViewCell.swift; sourceTree = "<group>"; };
		186020482116D5FD00662714 /* VideoViewCell.xib */ = {isa = PBXFileReference; lastKnownFileType = file.xib; name = VideoViewCell.xib; path = View/VideoViewCell.xib; sourceTree = "<group>"; };
		187A1685210B8A3E00F418CF /* MenuViewCell.swift */ = {isa = PBXFileReference; lastKnownFileType = sourcecode.swift; path = MenuViewCell.swift; sourceTree = "<group>"; };
		187A1687210C172D00F418CF /* libstdc++.tbd */ = {isa = PBXFileReference; lastKnownFileType = "sourcecode.text-based-dylib-definition"; name = "libstdc++.tbd"; path = "usr/lib/libstdc++.tbd"; sourceTree = SDKROOT; };
		187A1689210C173500F418CF /* libz.tbd */ = {isa = PBXFileReference; lastKnownFileType = "sourcecode.text-based-dylib-definition"; name = libz.tbd; path = usr/lib/libz.tbd; sourceTree = SDKROOT; };
		187A168B210C173B00F418CF /* VideoToolbox.framework */ = {isa = PBXFileReference; lastKnownFileType = wrapper.framework; name = VideoToolbox.framework; path = System/Library/Frameworks/VideoToolbox.framework; sourceTree = SDKROOT; };
		187A168D210C174600F418CF /* AudioToolbox.framework */ = {isa = PBXFileReference; lastKnownFileType = wrapper.framework; name = AudioToolbox.framework; path = System/Library/Frameworks/AudioToolbox.framework; sourceTree = SDKROOT; };
		187A168F210C174C00F418CF /* AVFoundation.framework */ = {isa = PBXFileReference; lastKnownFileType = wrapper.framework; name = AVFoundation.framework; path = System/Library/Frameworks/AVFoundation.framework; sourceTree = SDKROOT; };
		187A1691210C175300F418CF /* Foundation.framework */ = {isa = PBXFileReference; lastKnownFileType = wrapper.framework; name = Foundation.framework; path = System/Library/Frameworks/Foundation.framework; sourceTree = SDKROOT; };
		187A1693210C175800F418CF /* UIKit.framework */ = {isa = PBXFileReference; lastKnownFileType = wrapper.framework; name = UIKit.framework; path = System/Library/Frameworks/UIKit.framework; sourceTree = SDKROOT; };
		189C0EEC210A12C500ADF7FF /* ProfileViewController.swift */ = {isa = PBXFileReference; lastKnownFileType = sourcecode.swift; name = ProfileViewController.swift; path = ../ProfileViewController.swift; sourceTree = "<group>"; };
		189C0EF3210A133A00ADF7FF /* StreamViewController.swift */ = {isa = PBXFileReference; lastKnownFileType = sourcecode.swift; path = StreamViewController.swift; sourceTree = "<group>"; };
		189C0EF5210A134B00ADF7FF /* HistoryViewController.swift */ = {isa = PBXFileReference; lastKnownFileType = sourcecode.swift; path = HistoryViewController.swift; sourceTree = "<group>"; };
		189C0EF7210A136400ADF7FF /* SetupViewController.swift */ = {isa = PBXFileReference; lastKnownFileType = sourcecode.swift; path = SetupViewController.swift; sourceTree = "<group>"; };
		189C0EF9210A16CE00ADF7FF /* BaseTabbarController.swift */ = {isa = PBXFileReference; lastKnownFileType = sourcecode.swift; path = BaseTabbarController.swift; sourceTree = "<group>"; };
		189C0EFD210A22B800ADF7FF /* StreamHistoryViewCell.swift */ = {isa = PBXFileReference; lastKnownFileType = sourcecode.swift; path = StreamHistoryViewCell.swift; sourceTree = "<group>"; };
		189C0EFE210A22B800ADF7FF /* StreamHistoryViewCell.xib */ = {isa = PBXFileReference; lastKnownFileType = file.xib; path = StreamHistoryViewCell.xib; sourceTree = "<group>"; };
		18AF752E211B4E510087FDB3 /* Videos.swift */ = {isa = PBXFileReference; lastKnownFileType = sourcecode.swift; path = Videos.swift; sourceTree = "<group>"; };
		18AF7530211B52D20087FDB3 /* galaxy.mp4 */ = {isa = PBXFileReference; lastKnownFileType = file; path = galaxy.mp4; sourceTree = "<group>"; };
		18DB2AAB210CA3F9005864E1 /* FacebookServices.swift */ = {isa = PBXFileReference; lastKnownFileType = sourcecode.swift; path = FacebookServices.swift; sourceTree = "<group>"; };
		18DB2AAD210CA915005864E1 /* FacebookCore.framework */ = {isa = PBXFileReference; explicitFileType = wrapper.framework; path = FacebookCore.framework; sourceTree = BUILT_PRODUCTS_DIR; };
		18DB2AAF210CA929005864E1 /* FacebookLogin.framework */ = {isa = PBXFileReference; explicitFileType = wrapper.framework; path = FacebookLogin.framework; sourceTree = BUILT_PRODUCTS_DIR; };
		18DB2AB1210CA92D005864E1 /* FacebookShare.framework */ = {isa = PBXFileReference; explicitFileType = wrapper.framework; path = FacebookShare.framework; sourceTree = BUILT_PRODUCTS_DIR; };
		18DB2AB7210CC226005864E1 /* FacebookInfo.swift */ = {isa = PBXFileReference; lastKnownFileType = sourcecode.swift; path = FacebookInfo.swift; sourceTree = "<group>"; };
		18DBC7E9211204A500C34D3E /* APIServices.swift */ = {isa = PBXFileReference; lastKnownFileType = sourcecode.swift; name = APIServices.swift; path = Services/APIServices.swift; sourceTree = "<group>"; };
		18DBC7EB2114ADEE00C34D3E /* User.swift */ = {isa = PBXFileReference; lastKnownFileType = sourcecode.swift; path = User.swift; sourceTree = "<group>"; };
		18DBC7ED2114B33100C34D3E /* StringUtils.swift */ = {isa = PBXFileReference; lastKnownFileType = sourcecode.swift; path = StringUtils.swift; sourceTree = "<group>"; };
		1CBFEDED0E1D6138EA13B51D /* Pods-facebook-live-ios-sample.debug.xcconfig */ = {isa = PBXFileReference; includeInIndex = 1; lastKnownFileType = text.xcconfig; name = "Pods-facebook-live-ios-sample.debug.xcconfig"; path = "Pods/Target Support Files/Pods-facebook-live-ios-sample/Pods-facebook-live-ios-sample.debug.xcconfig"; sourceTree = "<group>"; };
		623B35CB2F605030CBDC37BD /* Pods_facebook_live_ios_sample.framework */ = {isa = PBXFileReference; explicitFileType = wrapper.framework; includeInIndex = 0; path = Pods_facebook_live_ios_sample.framework; sourceTree = BUILT_PRODUCTS_DIR; };
		7D3679D1F57FD4D405E2CCCF /* Pods-facebook-live-ios-sample.release.xcconfig */ = {isa = PBXFileReference; includeInIndex = 1; lastKnownFileType = text.xcconfig; name = "Pods-facebook-live-ios-sample.release.xcconfig"; path = "Pods/Target Support Files/Pods-facebook-live-ios-sample/Pods-facebook-live-ios-sample.release.xcconfig"; sourceTree = "<group>"; };
		DB40E22F1E71567E009E7C74 /* FBSDKLiveVideo.swift */ = {isa = PBXFileReference; fileEncoding = 4; lastKnownFileType = sourcecode.swift; path = FBSDKLiveVideo.swift; sourceTree = "<group>"; };
		DB9C406A1E70527D00CCBD83 /* facebook-live-ios-sample.app */ = {isa = PBXFileReference; explicitFileType = wrapper.application; includeInIndex = 0; path = "facebook-live-ios-sample.app"; sourceTree = BUILT_PRODUCTS_DIR; };
		DB9C406D1E70527D00CCBD83 /* AppDelegate.swift */ = {isa = PBXFileReference; lastKnownFileType = sourcecode.swift; path = AppDelegate.swift; sourceTree = "<group>"; };
		DB9C406F1E70527D00CCBD83 /* HKLiveVideoViewController.swift */ = {isa = PBXFileReference; lastKnownFileType = sourcecode.swift; path = HKLiveVideoViewController.swift; sourceTree = "<group>"; };
		DB9C40721E70527D00CCBD83 /* Base */ = {isa = PBXFileReference; lastKnownFileType = file.storyboard; name = Base; path = Base.lproj/Main.storyboard; sourceTree = "<group>"; };
		DB9C40741E70527D00CCBD83 /* Assets.xcassets */ = {isa = PBXFileReference; lastKnownFileType = folder.assetcatalog; path = Assets.xcassets; sourceTree = "<group>"; };
		DB9C40771E70527D00CCBD83 /* Base */ = {isa = PBXFileReference; lastKnownFileType = file.storyboard; name = Base; path = Base.lproj/LaunchScreen.storyboard; sourceTree = "<group>"; };
		DB9C40791E70527D00CCBD83 /* Info.plist */ = {isa = PBXFileReference; lastKnownFileType = text.plist.xml; path = Info.plist; sourceTree = "<group>"; };
		DB9C407F1E70559F00CCBD83 /* facebook-live-ios-sample.entitlements */ = {isa = PBXFileReference; lastKnownFileType = text.plist.entitlements; path = "facebook-live-ios-sample.entitlements"; sourceTree = "<group>"; };
		DBA01A2D1E71CAD80005A439 /* facebook-live-ios-sample-Bridging-Header.h */ = {isa = PBXFileReference; lastKnownFileType = sourcecode.c.h; path = "facebook-live-ios-sample-Bridging-Header.h"; sourceTree = "<group>"; };
		DBBBFCFB1E7166E100CD90AC /* de */ = {isa = PBXFileReference; lastKnownFileType = text.plist.strings; name = de; path = de.lproj/Main.strings; sourceTree = "<group>"; };
		DBBBFCFC1E7166E100CD90AC /* de */ = {isa = PBXFileReference; lastKnownFileType = text.plist.strings; name = de; path = de.lproj/LaunchScreen.strings; sourceTree = "<group>"; };
		EC295AAC21185A0F005AC814 /* APIRouter.swift */ = {isa = PBXFileReference; lastKnownFileType = sourcecode.swift; name = APIRouter.swift; path = Services/Route/APIRouter.swift; sourceTree = "<group>"; };
		EC295AAE21185D03005AC814 /* Constant.swift */ = {isa = PBXFileReference; lastKnownFileType = sourcecode.swift; path = Constant.swift; sourceTree = "<group>"; };
		EC5136E32112CA3900391C60 /* material_loader.json */ = {isa = PBXFileReference; fileEncoding = 4; lastKnownFileType = text.json; path = material_loader.json; sourceTree = "<group>"; };
		EC53B2B6210AD07A000A3866 /* StreamAccountViewCell.swift */ = {isa = PBXFileReference; lastKnownFileType = sourcecode.swift; path = StreamAccountViewCell.swift; sourceTree = "<group>"; };
		EC53B2B7210AD07A000A3866 /* StreamAccountViewCell.xib */ = {isa = PBXFileReference; lastKnownFileType = file.xib; path = StreamAccountViewCell.xib; sourceTree = "<group>"; };
		EC53B2BB210AED22000A3866 /* FrameViewCell.swift */ = {isa = PBXFileReference; lastKnownFileType = sourcecode.swift; path = FrameViewCell.swift; sourceTree = "<group>"; };
		EC53B2BC210AED22000A3866 /* FrameViewCell.xib */ = {isa = PBXFileReference; lastKnownFileType = file.xib; path = FrameViewCell.xib; sourceTree = "<group>"; };
		EC53B2C0210B03B9000A3866 /* StreamOptionViewCell.swift */ = {isa = PBXFileReference; lastKnownFileType = sourcecode.swift; path = StreamOptionViewCell.swift; sourceTree = "<group>"; };
		EC53B2C1210B03B9000A3866 /* StreamOptionViewCell.xib */ = {isa = PBXFileReference; lastKnownFileType = file.xib; path = StreamOptionViewCell.xib; sourceTree = "<group>"; };
		EC53B2C4210B09E2000A3866 /* UrlStreamViewCell.swift */ = {isa = PBXFileReference; lastKnownFileType = sourcecode.swift; path = UrlStreamViewCell.swift; sourceTree = "<group>"; };
		EC53B2C5210B09E2000A3866 /* UrlStreamViewCell.xib */ = {isa = PBXFileReference; lastKnownFileType = file.xib; path = UrlStreamViewCell.xib; sourceTree = "<group>"; };
		EC53B2C9210B2A14000A3866 /* SelectStreamAccountViewController.swift */ = {isa = PBXFileReference; lastKnownFileType = sourcecode.swift; path = SelectStreamAccountViewController.swift; sourceTree = "<group>"; };
		EC53B2CD210B2EA6000A3866 /* SelectStreamAccountViewCell.swift */ = {isa = PBXFileReference; lastKnownFileType = sourcecode.swift; path = SelectStreamAccountViewCell.swift; sourceTree = "<group>"; };
		EC53B2CE210B2EA6000A3866 /* SelectStreamAccountViewCell.xib */ = {isa = PBXFileReference; lastKnownFileType = file.xib; path = SelectStreamAccountViewCell.xib; sourceTree = "<group>"; };
		EC752C1F210F1944004A69C4 /* AddStreamAccountViewController.swift */ = {isa = PBXFileReference; lastKnownFileType = sourcecode.swift; name = AddStreamAccountViewController.swift; path = Profile/AddStreamAccountViewController.swift; sourceTree = "<group>"; };
		EC752C20210F1944004A69C4 /* AddStreamAccountViewController.xib */ = {isa = PBXFileReference; lastKnownFileType = file.xib; name = AddStreamAccountViewController.xib; path = Profile/AddStreamAccountViewController.xib; sourceTree = "<group>"; };
		ECE9439021087901003EB965 /* ImageUtils.swift */ = {isa = PBXFileReference; lastKnownFileType = sourcecode.swift; path = ImageUtils.swift; sourceTree = "<group>"; };
/* End PBXFileReference section */

/* Begin PBXFrameworksBuildPhase section */
		DB9C40671E70527D00CCBD83 /* Frameworks */ = {
			isa = PBXFrameworksBuildPhase;
			buildActionMask = 2147483647;
			files = (
				187A1694210C175800F418CF /* UIKit.framework in Frameworks */,
				187A1692210C175300F418CF /* Foundation.framework in Frameworks */,
				187A1690210C174C00F418CF /* AVFoundation.framework in Frameworks */,
				187A168E210C174600F418CF /* AudioToolbox.framework in Frameworks */,
				187A168C210C173C00F418CF /* VideoToolbox.framework in Frameworks */,
				187A168A210C173500F418CF /* libz.tbd in Frameworks */,
				187A1688210C172D00F418CF /* libstdc++.tbd in Frameworks */,
				58C4864B08C09722985BAD0A /* Pods_facebook_live_ios_sample.framework in Frameworks */,
			);
			runOnlyForDeploymentPostprocessing = 0;
		};
/* End PBXFrameworksBuildPhase section */

/* Begin PBXGroup section */
		05413CD1913C83EBD3C6B8D3 /* Frameworks */ = {
			isa = PBXGroup;
			children = (
				18DB2AB1210CA92D005864E1 /* FacebookShare.framework */,
				18DB2AAF210CA929005864E1 /* FacebookLogin.framework */,
				18DB2AAD210CA915005864E1 /* FacebookCore.framework */,
				187A1693210C175800F418CF /* UIKit.framework */,
				187A1691210C175300F418CF /* Foundation.framework */,
				187A168F210C174C00F418CF /* AVFoundation.framework */,
				187A168D210C174600F418CF /* AudioToolbox.framework */,
				187A168B210C173B00F418CF /* VideoToolbox.framework */,
				187A1689210C173500F418CF /* libz.tbd */,
				187A1687210C172D00F418CF /* libstdc++.tbd */,
				623B35CB2F605030CBDC37BD /* Pods_facebook_live_ios_sample.framework */,
			);
			name = Frameworks;
			sourceTree = "<group>";
		};
		182C799B21173F19008D65CB /* Login */ = {
			isa = PBXGroup;
			children = (
				182C799C21173F55008D65CB /* LoginViewController.swift */,
				182C799D21173F55008D65CB /* LoginViewController.xib */,
			);
			name = Login;
			sourceTree = "<group>";
		};
		186020362115B4FB00662714 /* View */ = {
			isa = PBXGroup;
			children = (
				186020372115B57700662714 /* QuestionMaskView.swift */,
				0E4B697B2132A1830052A0C7 /* QuestionMaskView.xib */,
				186020432116BE8E00662714 /* CatchWordMaskView.swift */,
				186020452116D33200662714 /* VideoMaskView.swift */,
				0EC3FC62212DBC8600278E61 /* CommentMaskView.swift */,
				0E4B6975213271220052A0C7 /* FilterCommentMaskView.swift */,
				0E4B6977213293C00052A0C7 /* CommentMaskViewCell.swift */,
				0E4B6978213293C00052A0C7 /* CommentMaskViewCell.xib */,
				0E4B697F2134218C0052A0C7 /* RandomMaskView.swift */,
			);
			path = View;
			sourceTree = "<group>";
		};
		189C0EEE210A12D000ADF7FF /* Screens */ = {
			isa = PBXGroup;
			children = (
				182C799B21173F19008D65CB /* Login */,
				189C0EF2210A131100ADF7FF /* Stream */,
				189C0EF1210A130500ADF7FF /* Setup */,
				189C0EF0210A12FB00ADF7FF /* History */,
				189C0EEF210A12E500ADF7FF /* Profile */,
			);
			path = Screens;
			sourceTree = "<group>";
		};
		189C0EEF210A12E500ADF7FF /* Profile */ = {
			isa = PBXGroup;
			children = (
				EC53B2B5210ACF81000A3866 /* View */,
				189C0EEC210A12C500ADF7FF /* ProfileViewController.swift */,
				EC752C1F210F1944004A69C4 /* AddStreamAccountViewController.swift */,
				EC752C20210F1944004A69C4 /* AddStreamAccountViewController.xib */,
			);
			name = Profile;
			sourceTree = "<group>";
		};
		189C0EF0210A12FB00ADF7FF /* History */ = {
			isa = PBXGroup;
			children = (
				189C0EFC210A228C00ADF7FF /* Model */,
				189C0EFB210A228300ADF7FF /* View */,
				189C0EF5210A134B00ADF7FF /* HistoryViewController.swift */,
			);
			path = History;
			sourceTree = "<group>";
		};
		189C0EF1210A130500ADF7FF /* Setup */ = {
			isa = PBXGroup;
			children = (
				EC53B2BA210AECE1000A3866 /* View */,
				189C0EF7210A136400ADF7FF /* SetupViewController.swift */,
			);
			name = Setup;
			sourceTree = "<group>";
		};
		189C0EF2210A131100ADF7FF /* Stream */ = {
			isa = PBXGroup;
			children = (
				EC53B2C8210B29C1000A3866 /* Controller */,
				EC53B2BF210B0372000A3866 /* View */,
				189C0EF3210A133A00ADF7FF /* StreamViewController.swift */,
				DB9C406F1E70527D00CCBD83 /* HKLiveVideoViewController.swift */,
				187A1685210B8A3E00F418CF /* MenuViewCell.swift */,
				18AF752E211B4E510087FDB3 /* Videos.swift */,
			);
			path = Stream;
			sourceTree = "<group>";
		};
		189C0EFB210A228300ADF7FF /* View */ = {
			isa = PBXGroup;
			children = (
				189C0EFE210A22B800ADF7FF /* StreamHistoryViewCell.xib */,
			);
			name = View;
			sourceTree = "<group>";
		};
		189C0EFC210A228C00ADF7FF /* Model */ = {
			isa = PBXGroup;
			children = (
				189C0EFD210A22B800ADF7FF /* StreamHistoryViewCell.swift */,
			);
			path = Model;
			sourceTree = "<group>";
		};
		18DB2AAA210CA3D0005864E1 /* Services */ = {
			isa = PBXGroup;
			children = (
				EC295AA921185551005AC814 /* Model */,
				186020362115B4FB00662714 /* View */,
				18DB2AAB210CA3F9005864E1 /* FacebookServices.swift */,
				18042BDB210D52C500F48229 /* WarterMarkServices.swift */,
				18DBC7E9211204A500C34D3E /* APIServices.swift */,
				0E4B696F2131B00E0052A0C7 /* APIRouter.swift */,
				0E4B69712131B0620052A0C7 /* APIConfiguration.swift */,
				0E4B69732131B08C0052A0C7 /* UserEndpoint.swift */,
			);
			name = Services;
			sourceTree = "<group>";
		};
		BB0C1DA3F220981890B0C580 /* Pods */ = {
			isa = PBXGroup;
			children = (
				1CBFEDED0E1D6138EA13B51D /* Pods-facebook-live-ios-sample.debug.xcconfig */,
				7D3679D1F57FD4D405E2CCCF /* Pods-facebook-live-ios-sample.release.xcconfig */,
			);
			name = Pods;
			sourceTree = "<group>";
		};
		DB9C40611E70527D00CCBD83 = {
			isa = PBXGroup;
			children = (
				DB9C406C1E70527D00CCBD83 /* facebook-live-ios-sample */,
				DB9C406B1E70527D00CCBD83 /* Products */,
				BB0C1DA3F220981890B0C580 /* Pods */,
				05413CD1913C83EBD3C6B8D3 /* Frameworks */,
			);
			sourceTree = "<group>";
		};
		DB9C406B1E70527D00CCBD83 /* Products */ = {
			isa = PBXGroup;
			children = (
				DB9C406A1E70527D00CCBD83 /* facebook-live-ios-sample.app */,
			);
			name = Products;
			sourceTree = "<group>";
		};
		DB9C406C1E70527D00CCBD83 /* facebook-live-ios-sample */ = {
			isa = PBXGroup;
			children = (
				18DB2AAA210CA3D0005864E1 /* Services */,
				189C0EEE210A12D000ADF7FF /* Screens */,
				ECE9438F210878E3003EB965 /* Utils */,
				DB9C40811E7055BE00CCBD83 /* Classes */,
				DB9C40801E7055AC00CCBD83 /* Resources */,
			);
			path = "facebook-live-ios-sample";
			sourceTree = "<group>";
		};
		DB9C40801E7055AC00CCBD83 /* Resources */ = {
			isa = PBXGroup;
			children = (
				18AF7530211B52D20087FDB3 /* galaxy.mp4 */,
				EC5136E32112CA3900391C60 /* material_loader.json */,
				DB9C40711E70527D00CCBD83 /* Main.storyboard */,
				DB9C40761E70527D00CCBD83 /* LaunchScreen.storyboard */,
				DB9C40791E70527D00CCBD83 /* Info.plist */,
				DBA01A2D1E71CAD80005A439 /* facebook-live-ios-sample-Bridging-Header.h */,
				DB9C407F1E70559F00CCBD83 /* facebook-live-ios-sample.entitlements */,
				DB9C40741E70527D00CCBD83 /* Assets.xcassets */,
			);
			name = Resources;
			sourceTree = "<group>";
		};
		DB9C40811E7055BE00CCBD83 /* Classes */ = {
			isa = PBXGroup;
			children = (
				EC295AB02118610D005AC814 /* Model */,
				DBF6E1BF1E8BC1B800875443 /* FBSDKLiveVideo */,
				DB9C406D1E70527D00CCBD83 /* AppDelegate.swift */,
				189C0EF9210A16CE00ADF7FF /* BaseTabbarController.swift */,
				18DBC7EB2114ADEE00C34D3E /* User.swift */,
			);
			name = Classes;
			sourceTree = "<group>";
		};
		DBF6E1BF1E8BC1B800875443 /* FBSDKLiveVideo */ = {
			isa = PBXGroup;
			children = (
				DB40E22F1E71567E009E7C74 /* FBSDKLiveVideo.swift */,
				18DB2AB7210CC226005864E1 /* FacebookInfo.swift */,
				1854DB2E210D4C9C009DF33D /* BaseInfo.swift */,
				186020392115C0B300662714 /* StreamInfo.swift */,
				1860203B2115CBFC00662714 /* FacebookComment.swift */,
			);
			name = FBSDKLiveVideo;
			sourceTree = "<group>";
		};
		EC295AA921185551005AC814 /* Model */ = {
			isa = PBXGroup;
			children = (
				EC295AAC21185A0F005AC814 /* APIRouter.swift */,
			);
			name = Model;
			sourceTree = "<group>";
		};
		EC295AB02118610D005AC814 /* Model */ = {
			isa = PBXGroup;
			children = (
			);
			path = Model;
			sourceTree = "<group>";
		};
		EC53B2B5210ACF81000A3866 /* View */ = {
			isa = PBXGroup;
			children = (
				EC53B2B6210AD07A000A3866 /* StreamAccountViewCell.swift */,
				EC53B2B7210AD07A000A3866 /* StreamAccountViewCell.xib */,
			);
			name = View;
			path = "New Group";
			sourceTree = "<group>";
		};
		EC53B2BA210AECE1000A3866 /* View */ = {
			isa = PBXGroup;
			children = (
				EC53B2BB210AED22000A3866 /* FrameViewCell.swift */,
				EC53B2BC210AED22000A3866 /* FrameViewCell.xib */,
			);
			path = View;
			sourceTree = "<group>";
		};
		EC53B2BF210B0372000A3866 /* View */ = {
			isa = PBXGroup;
			children = (
				EC53B2C0210B03B9000A3866 /* StreamOptionViewCell.swift */,
				EC53B2C1210B03B9000A3866 /* StreamOptionViewCell.xib */,
				EC53B2C4210B09E2000A3866 /* UrlStreamViewCell.swift */,
				EC53B2C5210B09E2000A3866 /* UrlStreamViewCell.xib */,
				EC53B2CD210B2EA6000A3866 /* SelectStreamAccountViewCell.swift */,
				EC53B2CE210B2EA6000A3866 /* SelectStreamAccountViewCell.xib */,
				18042BDD210D8B5F00F48229 /* CountDownViewCell.swift */,
				18042BDE210D8B5F00F48229 /* CountDownViewCell.xib */,
				18042BE1210DA18900F48229 /* SloganViewCell.swift */,
				18042BE2210DA18900F48229 /* SloganViewCell.xib */,
				18042BE9210DB0E400F48229 /* FrameViewCellV2.swift */,
				18042BEA210DB0E400F48229 /* FrameViewCellV2.xib */,
				18042BED210DB23200F48229 /* PinCommentViewCell.swift */,
				18042BEE210DB23200F48229 /* PinCommentViewCell.xib */,
				18042BF1210DB68200F48229 /* QuestionViewCell.swift */,
				18042BF2210DB68200F48229 /* QuestionViewCell.xib */,
				18042BF5210DBF1A00F48229 /* FilterCommentViewCell.swift */,
				18042BF6210DBF1A00F48229 /* FilterCommentViewCell.xib */,
				18042BF9210DF77F00F48229 /* CatchWordViewCell.swift */,
				18042BFA210DF77F00F48229 /* CatchWordViewCell.xib */,
				18042BFD210DFCF400F48229 /* RandomNumberViewCell.swift */,
				18042BFE210DFCF400F48229 /* RandomNumberViewCell.xib */,
				1860203F2115E26A00662714 /* StreamCommentViewCell.swift */,
				186020402115E26A00662714 /* StreamCommentViewCell.xib */,
				186020472116D5FD00662714 /* VideoViewCell.swift */,
				186020482116D5FD00662714 /* VideoViewCell.xib */,
			);
			name = View;
			sourceTree = "<group>";
		};
		EC53B2C8210B29C1000A3866 /* Controller */ = {
			isa = PBXGroup;
			children = (
				EC53B2C9210B2A14000A3866 /* SelectStreamAccountViewController.swift */,
				1860203D2115DE8C00662714 /* StreamCommentView.swift */,
			);
			path = Controller;
			sourceTree = "<group>";
		};
		ECE9438F210878E3003EB965 /* Utils */ = {
			isa = PBXGroup;
			children = (
				ECE9439021087901003EB965 /* ImageUtils.swift */,
				18DBC7ED2114B33100C34D3E /* StringUtils.swift */,
				EC295AAE21185D03005AC814 /* Constant.swift */,
				0EBDF21321290B0500A1A4C9 /* ErrorCode.swift */,
			);
			path = Utils;
			sourceTree = "<group>";
		};
/* End PBXGroup section */

/* Begin PBXNativeTarget section */
		DB9C40691E70527D00CCBD83 /* facebook-live-ios-sample */ = {
			isa = PBXNativeTarget;
			buildConfigurationList = DB9C407C1E70527D00CCBD83 /* Build configuration list for PBXNativeTarget "facebook-live-ios-sample" */;
			buildPhases = (
				48064EC9CB0E70A3295A454B /* [CP] Check Pods Manifest.lock */,
				DB9C40661E70527D00CCBD83 /* Sources */,
				DB9C40671E70527D00CCBD83 /* Frameworks */,
				DB9C40681E70527D00CCBD83 /* Resources */,
				9202E9D51F67171B9BB0154E /* [CP] Embed Pods Frameworks */,
			);
			buildRules = (
			);
			dependencies = (
			);
			name = "facebook-live-ios-sample";
			productName = "facebook-live-ios-sample";
			productReference = DB9C406A1E70527D00CCBD83 /* facebook-live-ios-sample.app */;
			productType = "com.apple.product-type.application";
		};
/* End PBXNativeTarget section */

/* Begin PBXProject section */
		DB9C40621E70527D00CCBD83 /* Project object */ = {
			isa = PBXProject;
			attributes = {
				LastSwiftUpdateCheck = 0820;
				LastUpgradeCheck = 0820;
				ORGANIZATIONNAME = "Hans Knoechel";
				TargetAttributes = {
					DB9C40691E70527D00CCBD83 = {
						CreatedOnToolsVersion = 8.2.1;
						DevelopmentTeam = F59XSVKP6X;
						LastSwiftMigration = 0830;
						ProvisioningStyle = Automatic;
						SystemCapabilities = {
							com.apple.Keychain = {
								enabled = 1;
							};
						};
					};
				};
			};
			buildConfigurationList = DB9C40651E70527D00CCBD83 /* Build configuration list for PBXProject "facebook-live-ios-sample" */;
			compatibilityVersion = "Xcode 3.2";
			developmentRegion = English;
			hasScannedForEncodings = 0;
			knownRegions = (
				en,
				Base,
			);
			mainGroup = DB9C40611E70527D00CCBD83;
			productRefGroup = DB9C406B1E70527D00CCBD83 /* Products */;
			projectDirPath = "";
			projectRoot = "";
			targets = (
				DB9C40691E70527D00CCBD83 /* facebook-live-ios-sample */,
			);
		};
/* End PBXProject section */

/* Begin PBXResourcesBuildPhase section */
		DB9C40681E70527D00CCBD83 /* Resources */ = {
			isa = PBXResourcesBuildPhase;
			buildActionMask = 2147483647;
			files = (
				18AF7531211B52FA0087FDB3 /* galaxy.mp4 in Resources */,
				186020422115E26A00662714 /* StreamCommentViewCell.xib in Resources */,
				0E4B697A213293C00052A0C7 /* CommentMaskViewCell.xib in Resources */,
				18042BFC210DF77F00F48229 /* CatchWordViewCell.xib in Resources */,
				182C799F21173F55008D65CB /* LoginViewController.xib in Resources */,
				18042BF8210DBF1A00F48229 /* FilterCommentViewCell.xib in Resources */,
				EC53B2C7210B09E2000A3866 /* UrlStreamViewCell.xib in Resources */,
				DB9C40781E70527D00CCBD83 /* LaunchScreen.storyboard in Resources */,
				EC752C22210F1944004A69C4 /* AddStreamAccountViewController.xib in Resources */,
				DB9C40751E70527D00CCBD83 /* Assets.xcassets in Resources */,
				EC53B2D0210B2EA6000A3866 /* SelectStreamAccountViewCell.xib in Resources */,
				DB9C40731E70527D00CCBD83 /* Main.storyboard in Resources */,
				189C0F00210A22B800ADF7FF /* StreamHistoryViewCell.xib in Resources */,
				EC5136E42112CA3900391C60 /* material_loader.json in Resources */,
				EC53B2BE210AED22000A3866 /* FrameViewCell.xib in Resources */,
				EC53B2B9210AD07A000A3866 /* StreamAccountViewCell.xib in Resources */,
				1860204A2116D5FD00662714 /* VideoViewCell.xib in Resources */,
				18042BE0210D8B5F00F48229 /* CountDownViewCell.xib in Resources */,
				18042BE4210DA18900F48229 /* SloganViewCell.xib in Resources */,
				18042BF4210DB68200F48229 /* QuestionViewCell.xib in Resources */,
				18042BEC210DB0E400F48229 /* FrameViewCellV2.xib in Resources */,
				EC53B2C3210B03B9000A3866 /* StreamOptionViewCell.xib in Resources */,
				18042BF0210DB23200F48229 /* PinCommentViewCell.xib in Resources */,
				18042C00210DFCF400F48229 /* RandomNumberViewCell.xib in Resources */,
				0E4B697C2132A1830052A0C7 /* QuestionMaskView.xib in Resources */,
			);
			runOnlyForDeploymentPostprocessing = 0;
		};
/* End PBXResourcesBuildPhase section */

/* Begin PBXShellScriptBuildPhase section */
		48064EC9CB0E70A3295A454B /* [CP] Check Pods Manifest.lock */ = {
			isa = PBXShellScriptBuildPhase;
			buildActionMask = 2147483647;
			files = (
			);
			inputPaths = (
				"${PODS_PODFILE_DIR_PATH}/Podfile.lock",
				"${PODS_ROOT}/Manifest.lock",
			);
			name = "[CP] Check Pods Manifest.lock";
			outputPaths = (
				"$(DERIVED_FILE_DIR)/Pods-facebook-live-ios-sample-checkManifestLockResult.txt",
			);
			runOnlyForDeploymentPostprocessing = 0;
			shellPath = /bin/sh;
			shellScript = "diff \"${PODS_PODFILE_DIR_PATH}/Podfile.lock\" \"${PODS_ROOT}/Manifest.lock\" > /dev/null\nif [ $? != 0 ] ; then\n    # print error to STDERR\n    echo \"error: The sandbox is not in sync with the Podfile.lock. Run 'pod install' or update your CocoaPods installation.\" >&2\n    exit 1\nfi\n# This output is used by Xcode 'outputs' to avoid re-running this script phase.\necho \"SUCCESS\" > \"${SCRIPT_OUTPUT_FILE_0}\"\n";
			showEnvVarsInLog = 0;
		};
		9202E9D51F67171B9BB0154E /* [CP] Embed Pods Frameworks */ = {
			isa = PBXShellScriptBuildPhase;
			buildActionMask = 2147483647;
			files = (
			);
			inputPaths = (
				"${SRCROOT}/Pods/Target Support Files/Pods-facebook-live-ios-sample/Pods-facebook-live-ios-sample-frameworks.sh",
				"${BUILT_PRODUCTS_DIR}/Alamofire/Alamofire.framework",
				"${BUILT_PRODUCTS_DIR}/Bolts/Bolts.framework",
				"${BUILT_PRODUCTS_DIR}/FBSDKCoreKit/FBSDKCoreKit.framework",
				"${BUILT_PRODUCTS_DIR}/FBSDKLoginKit/FBSDKLoginKit.framework",
				"${BUILT_PRODUCTS_DIR}/FBSDKShareKit/FBSDKShareKit.framework",
				"${BUILT_PRODUCTS_DIR}/FacebookCore/FacebookCore.framework",
				"${BUILT_PRODUCTS_DIR}/FacebookLogin/FacebookLogin.framework",
				"${BUILT_PRODUCTS_DIR}/FacebookShare/FacebookShare.framework",
				"${BUILT_PRODUCTS_DIR}/Kingfisher/Kingfisher.framework",
				"${BUILT_PRODUCTS_DIR}/LFLiveKit/LFLiveKit.framework",
				"${BUILT_PRODUCTS_DIR}/Spring/Spring.framework",
				"${BUILT_PRODUCTS_DIR}/lottie-ios/Lottie.framework",
			);
			name = "[CP] Embed Pods Frameworks";
			outputPaths = (
				"${TARGET_BUILD_DIR}/${FRAMEWORKS_FOLDER_PATH}/Alamofire.framework",
				"${TARGET_BUILD_DIR}/${FRAMEWORKS_FOLDER_PATH}/Bolts.framework",
				"${TARGET_BUILD_DIR}/${FRAMEWORKS_FOLDER_PATH}/FBSDKCoreKit.framework",
				"${TARGET_BUILD_DIR}/${FRAMEWORKS_FOLDER_PATH}/FBSDKLoginKit.framework",
				"${TARGET_BUILD_DIR}/${FRAMEWORKS_FOLDER_PATH}/FBSDKShareKit.framework",
				"${TARGET_BUILD_DIR}/${FRAMEWORKS_FOLDER_PATH}/FacebookCore.framework",
				"${TARGET_BUILD_DIR}/${FRAMEWORKS_FOLDER_PATH}/FacebookLogin.framework",
				"${TARGET_BUILD_DIR}/${FRAMEWORKS_FOLDER_PATH}/FacebookShare.framework",
				"${TARGET_BUILD_DIR}/${FRAMEWORKS_FOLDER_PATH}/Kingfisher.framework",
				"${TARGET_BUILD_DIR}/${FRAMEWORKS_FOLDER_PATH}/LFLiveKit.framework",
				"${TARGET_BUILD_DIR}/${FRAMEWORKS_FOLDER_PATH}/Spring.framework",
				"${TARGET_BUILD_DIR}/${FRAMEWORKS_FOLDER_PATH}/Lottie.framework",
			);
			runOnlyForDeploymentPostprocessing = 0;
			shellPath = /bin/sh;
			shellScript = "\"${SRCROOT}/Pods/Target Support Files/Pods-facebook-live-ios-sample/Pods-facebook-live-ios-sample-frameworks.sh\"\n";
			showEnvVarsInLog = 0;
		};
/* End PBXShellScriptBuildPhase section */

/* Begin PBXSourcesBuildPhase section */
		DB9C40661E70527D00CCBD83 /* Sources */ = {
			isa = PBXSourcesBuildPhase;
			buildActionMask = 2147483647;
			files = (
				182C799E21173F55008D65CB /* LoginViewController.swift in Sources */,
				18042BDF210D8B5F00F48229 /* CountDownViewCell.swift in Sources */,
				EC295AAF21185D03005AC814 /* Constant.swift in Sources */,
				EC53B2CF210B2EA6000A3866 /* SelectStreamAccountViewCell.swift in Sources */,
				EC53B2BD210AED22000A3866 /* FrameViewCell.swift in Sources */,
				0EC3FC63212DBC8600278E61 /* CommentMaskView.swift in Sources */,
				1854DB2F210D4C9C009DF33D /* BaseInfo.swift in Sources */,
				186020462116D33200662714 /* VideoMaskView.swift in Sources */,
				18DBC7EC2114ADEE00C34D3E /* User.swift in Sources */,
				1860203A2115C0B300662714 /* StreamInfo.swift in Sources */,
				18042BF7210DBF1A00F48229 /* FilterCommentViewCell.swift in Sources */,
				DB9C40701E70527D00CCBD83 /* HKLiveVideoViewController.swift in Sources */,
				186020492116D5FD00662714 /* VideoViewCell.swift in Sources */,
				DB40E2301E71567E009E7C74 /* FBSDKLiveVideo.swift in Sources */,
				18042BEF210DB23200F48229 /* PinCommentViewCell.swift in Sources */,
				186020412115E26A00662714 /* StreamCommentViewCell.swift in Sources */,
				18042BE3210DA18900F48229 /* SloganViewCell.swift in Sources */,
				18042BFF210DFCF400F48229 /* RandomNumberViewCell.swift in Sources */,
				189C0EF4210A133A00ADF7FF /* StreamViewController.swift in Sources */,
				0E4B69722131B0620052A0C7 /* APIConfiguration.swift in Sources */,
				189C0EED210A12C500ADF7FF /* ProfileViewController.swift in Sources */,
				186020442116BE8E00662714 /* CatchWordMaskView.swift in Sources */,
				18042BF3210DB68200F48229 /* QuestionViewCell.swift in Sources */,
				189C0EF8210A136400ADF7FF /* SetupViewController.swift in Sources */,
				EC53B2C6210B09E2000A3866 /* UrlStreamViewCell.swift in Sources */,
				0EBDF21421290B0500A1A4C9 /* ErrorCode.swift in Sources */,
				EC53B2CB210B2A14000A3866 /* SelectStreamAccountViewController.swift in Sources */,
				EC53B2C2210B03B9000A3866 /* StreamOptionViewCell.swift in Sources */,
				EC53B2B8210AD07A000A3866 /* StreamAccountViewCell.swift in Sources */,
				189C0EFF210A22B800ADF7FF /* StreamHistoryViewCell.swift in Sources */,
				186020382115B57700662714 /* QuestionMaskView.swift in Sources */,
				189C0EFA210A16CF00ADF7FF /* BaseTabbarController.swift in Sources */,
				187A1686210B8A3E00F418CF /* MenuViewCell.swift in Sources */,
				18042BFB210DF77F00F48229 /* CatchWordViewCell.swift in Sources */,
				0E4B6976213271220052A0C7 /* FilterCommentMaskView.swift in Sources */,
				1860203C2115CBFC00662714 /* FacebookComment.swift in Sources */,
				18AF752F211B4E510087FDB3 /* Videos.swift in Sources */,
				DB9C406E1E70527D00CCBD83 /* AppDelegate.swift in Sources */,
				18DB2AAC210CA3F9005864E1 /* FacebookServices.swift in Sources */,
				18DB2AB8210CC226005864E1 /* FacebookInfo.swift in Sources */,
				1860203E2115DE8C00662714 /* StreamCommentView.swift in Sources */,
				189C0EF6210A134B00ADF7FF /* HistoryViewController.swift in Sources */,
				0E4B6979213293C00052A0C7 /* CommentMaskViewCell.swift in Sources */,
				0E4B69802134218C0052A0C7 /* RandomMaskView.swift in Sources */,
				18DBC7EA211204A500C34D3E /* APIServices.swift in Sources */,
				18042BDC210D52C500F48229 /* WarterMarkServices.swift in Sources */,
				0E4B69742131B08D0052A0C7 /* UserEndpoint.swift in Sources */,
				18042BEB210DB0E400F48229 /* FrameViewCellV2.swift in Sources */,
				18DBC7EE2114B33100C34D3E /* StringUtils.swift in Sources */,
				EC752C21210F1944004A69C4 /* AddStreamAccountViewController.swift in Sources */,
				ECE9439121087901003EB965 /* ImageUtils.swift in Sources */,
				0E4B69702131B00E0052A0C7 /* APIRouter.swift in Sources */,
			);
			runOnlyForDeploymentPostprocessing = 0;
		};
/* End PBXSourcesBuildPhase section */

/* Begin PBXVariantGroup section */
		DB9C40711E70527D00CCBD83 /* Main.storyboard */ = {
			isa = PBXVariantGroup;
			children = (
				DB9C40721E70527D00CCBD83 /* Base */,
				DBBBFCFB1E7166E100CD90AC /* de */,
			);
			name = Main.storyboard;
			sourceTree = "<group>";
		};
		DB9C40761E70527D00CCBD83 /* LaunchScreen.storyboard */ = {
			isa = PBXVariantGroup;
			children = (
				DB9C40771E70527D00CCBD83 /* Base */,
				DBBBFCFC1E7166E100CD90AC /* de */,
			);
			name = LaunchScreen.storyboard;
			sourceTree = "<group>";
		};
/* End PBXVariantGroup section */

/* Begin XCBuildConfiguration section */
		DB9C407A1E70527D00CCBD83 /* Debug */ = {
			isa = XCBuildConfiguration;
			buildSettings = {
				ALWAYS_SEARCH_USER_PATHS = NO;
				CLANG_ANALYZER_LOCALIZABILITY_NONLOCALIZED = YES;
				CLANG_ANALYZER_NONNULL = YES;
				CLANG_CXX_LANGUAGE_STANDARD = "gnu++0x";
				CLANG_CXX_LIBRARY = "libc++";
				CLANG_ENABLE_MODULES = YES;
				CLANG_ENABLE_OBJC_ARC = YES;
				CLANG_WARN_BOOL_CONVERSION = YES;
				CLANG_WARN_CONSTANT_CONVERSION = YES;
				CLANG_WARN_DIRECT_OBJC_ISA_USAGE = YES_ERROR;
				CLANG_WARN_DOCUMENTATION_COMMENTS = YES;
				CLANG_WARN_EMPTY_BODY = YES;
				CLANG_WARN_ENUM_CONVERSION = YES;
				CLANG_WARN_INFINITE_RECURSION = YES;
				CLANG_WARN_INT_CONVERSION = YES;
				CLANG_WARN_OBJC_ROOT_CLASS = YES_ERROR;
				CLANG_WARN_SUSPICIOUS_MOVE = YES;
				CLANG_WARN_UNREACHABLE_CODE = YES;
				CLANG_WARN__DUPLICATE_METHOD_MATCH = YES;
				"CODE_SIGN_IDENTITY[sdk=iphoneos*]" = "iPhone Developer";
				COPY_PHASE_STRIP = NO;
				DEBUG_INFORMATION_FORMAT = dwarf;
				ENABLE_STRICT_OBJC_MSGSEND = YES;
				ENABLE_TESTABILITY = YES;
				GCC_C_LANGUAGE_STANDARD = gnu99;
				GCC_DYNAMIC_NO_PIC = NO;
				GCC_NO_COMMON_BLOCKS = YES;
				GCC_OPTIMIZATION_LEVEL = 0;
				GCC_PREPROCESSOR_DEFINITIONS = (
					"DEBUG=1",
					"$(inherited)",
				);
				GCC_WARN_64_TO_32_BIT_CONVERSION = YES;
				GCC_WARN_ABOUT_RETURN_TYPE = YES_ERROR;
				GCC_WARN_UNDECLARED_SELECTOR = YES;
				GCC_WARN_UNINITIALIZED_AUTOS = YES_AGGRESSIVE;
				GCC_WARN_UNUSED_FUNCTION = YES;
				GCC_WARN_UNUSED_VARIABLE = YES;
				IPHONEOS_DEPLOYMENT_TARGET = 10.2;
				MTL_ENABLE_DEBUG_INFO = YES;
				ONLY_ACTIVE_ARCH = YES;
				SDKROOT = iphoneos;
				SWIFT_ACTIVE_COMPILATION_CONDITIONS = DEBUG;
				SWIFT_OPTIMIZATION_LEVEL = "-Onone";
				TARGETED_DEVICE_FAMILY = "1,2";
				USER_HEADER_SEARCH_PATHS = "Pods/**";
			};
			name = Debug;
		};
		DB9C407B1E70527D00CCBD83 /* Release */ = {
			isa = XCBuildConfiguration;
			buildSettings = {
				ALWAYS_SEARCH_USER_PATHS = NO;
				CLANG_ANALYZER_LOCALIZABILITY_NONLOCALIZED = YES;
				CLANG_ANALYZER_NONNULL = YES;
				CLANG_CXX_LANGUAGE_STANDARD = "gnu++0x";
				CLANG_CXX_LIBRARY = "libc++";
				CLANG_ENABLE_MODULES = YES;
				CLANG_ENABLE_OBJC_ARC = YES;
				CLANG_WARN_BOOL_CONVERSION = YES;
				CLANG_WARN_CONSTANT_CONVERSION = YES;
				CLANG_WARN_DIRECT_OBJC_ISA_USAGE = YES_ERROR;
				CLANG_WARN_DOCUMENTATION_COMMENTS = YES;
				CLANG_WARN_EMPTY_BODY = YES;
				CLANG_WARN_ENUM_CONVERSION = YES;
				CLANG_WARN_INFINITE_RECURSION = YES;
				CLANG_WARN_INT_CONVERSION = YES;
				CLANG_WARN_OBJC_ROOT_CLASS = YES_ERROR;
				CLANG_WARN_SUSPICIOUS_MOVE = YES;
				CLANG_WARN_UNREACHABLE_CODE = YES;
				CLANG_WARN__DUPLICATE_METHOD_MATCH = YES;
				"CODE_SIGN_IDENTITY[sdk=iphoneos*]" = "iPhone Developer";
				COPY_PHASE_STRIP = NO;
				DEBUG_INFORMATION_FORMAT = "dwarf-with-dsym";
				ENABLE_NS_ASSERTIONS = NO;
				ENABLE_STRICT_OBJC_MSGSEND = YES;
				GCC_C_LANGUAGE_STANDARD = gnu99;
				GCC_NO_COMMON_BLOCKS = YES;
				GCC_WARN_64_TO_32_BIT_CONVERSION = YES;
				GCC_WARN_ABOUT_RETURN_TYPE = YES_ERROR;
				GCC_WARN_UNDECLARED_SELECTOR = YES;
				GCC_WARN_UNINITIALIZED_AUTOS = YES_AGGRESSIVE;
				GCC_WARN_UNUSED_FUNCTION = YES;
				GCC_WARN_UNUSED_VARIABLE = YES;
				IPHONEOS_DEPLOYMENT_TARGET = 10.2;
				MTL_ENABLE_DEBUG_INFO = NO;
				SDKROOT = iphoneos;
				SWIFT_OPTIMIZATION_LEVEL = "-Owholemodule";
				TARGETED_DEVICE_FAMILY = "1,2";
				USER_HEADER_SEARCH_PATHS = "Pods/**";
				VALIDATE_PRODUCT = YES;
			};
			name = Release;
		};
		DB9C407D1E70527D00CCBD83 /* Debug */ = {
			isa = XCBuildConfiguration;
			baseConfigurationReference = 1CBFEDED0E1D6138EA13B51D /* Pods-facebook-live-ios-sample.debug.xcconfig */;
			buildSettings = {
				ASSETCATALOG_COMPILER_APPICON_NAME = AppIcon;
				CLANG_ENABLE_MODULES = YES;
				CODE_SIGN_ENTITLEMENTS = "facebook-live-ios-sample/facebook-live-ios-sample.entitlements";
				DEVELOPMENT_TEAM = F59XSVKP6X;
				INFOPLIST_FILE = "facebook-live-ios-sample/Info.plist";
				LD_RUNPATH_SEARCH_PATHS = "$(inherited) @executable_path/Frameworks";
				PRODUCT_BUNDLE_IDENTIFIER = com.coca.live;
				PRODUCT_NAME = "$(TARGET_NAME)";
				SWIFT_OBJC_BRIDGING_HEADER = "facebook-live-ios-sample/facebook-live-ios-sample-Bridging-Header.h";
				SWIFT_OPTIMIZATION_LEVEL = "-Onone";
				SWIFT_VERSION = 4.0;
				TARGETED_DEVICE_FAMILY = 1;
			};
			name = Debug;
		};
		DB9C407E1E70527D00CCBD83 /* Release */ = {
			isa = XCBuildConfiguration;
			baseConfigurationReference = 7D3679D1F57FD4D405E2CCCF /* Pods-facebook-live-ios-sample.release.xcconfig */;
			buildSettings = {
				ASSETCATALOG_COMPILER_APPICON_NAME = AppIcon;
				CLANG_ENABLE_MODULES = YES;
				CODE_SIGN_ENTITLEMENTS = "facebook-live-ios-sample/facebook-live-ios-sample.entitlements";
				DEVELOPMENT_TEAM = F59XSVKP6X;
				INFOPLIST_FILE = "facebook-live-ios-sample/Info.plist";
				LD_RUNPATH_SEARCH_PATHS = "$(inherited) @executable_path/Frameworks";
				PRODUCT_BUNDLE_IDENTIFIER = com.coca.live;
				PRODUCT_NAME = "$(TARGET_NAME)";
				SWIFT_OBJC_BRIDGING_HEADER = "facebook-live-ios-sample/facebook-live-ios-sample-Bridging-Header.h";
				SWIFT_VERSION = 4.0;
				TARGETED_DEVICE_FAMILY = 1;
			};
			name = Release;
		};
/* End XCBuildConfiguration section */

/* Begin XCConfigurationList section */
		DB9C40651E70527D00CCBD83 /* Build configuration list for PBXProject "facebook-live-ios-sample" */ = {
			isa = XCConfigurationList;
			buildConfigurations = (
				DB9C407A1E70527D00CCBD83 /* Debug */,
				DB9C407B1E70527D00CCBD83 /* Release */,
			);
			defaultConfigurationIsVisible = 0;
			defaultConfigurationName = Release;
		};
		DB9C407C1E70527D00CCBD83 /* Build configuration list for PBXNativeTarget "facebook-live-ios-sample" */ = {
			isa = XCConfigurationList;
			buildConfigurations = (
				DB9C407D1E70527D00CCBD83 /* Debug */,
				DB9C407E1E70527D00CCBD83 /* Release */,
			);
			defaultConfigurationIsVisible = 0;
			defaultConfigurationName = Release;
		};
/* End XCConfigurationList section */
	};
	rootObject = DB9C40621E70527D00CCBD83 /* Project object */;
}
