// !$*UTF8*$!
{
	archiveVersion = 1;
	classes = {
	};
	objectVersion = 46;
	objects = {

/* Begin PBXBuildFile section */
		02A9527CEAF89D8F28A4D2A1 /* libPods-facebook-live-ios-sample.a in Frameworks */ = {isa = PBXBuildFile; fileRef = C6B77655B3338929356F4ACE /* libPods-facebook-live-ios-sample.a */; };
		189C0EED210A12C500ADF7FF /* ProfileViewController.swift in Sources */ = {isa = PBXBuildFile; fileRef = 189C0EEC210A12C500ADF7FF /* ProfileViewController.swift */; };
		189C0EF4210A133A00ADF7FF /* StreamViewController.swift in Sources */ = {isa = PBXBuildFile; fileRef = 189C0EF3210A133A00ADF7FF /* StreamViewController.swift */; };
		189C0EF6210A134B00ADF7FF /* HistoryViewController.swift in Sources */ = {isa = PBXBuildFile; fileRef = 189C0EF5210A134B00ADF7FF /* HistoryViewController.swift */; };
		189C0EF8210A136400ADF7FF /* SetupViewController.swift in Sources */ = {isa = PBXBuildFile; fileRef = 189C0EF7210A136400ADF7FF /* SetupViewController.swift */; };
		189C0EFA210A16CF00ADF7FF /* BaseTabbarController.swift in Sources */ = {isa = PBXBuildFile; fileRef = 189C0EF9210A16CE00ADF7FF /* BaseTabbarController.swift */; };
		189C0EFF210A22B800ADF7FF /* StreamHistoryViewCell.swift in Sources */ = {isa = PBXBuildFile; fileRef = 189C0EFD210A22B800ADF7FF /* StreamHistoryViewCell.swift */; };
		189C0F00210A22B800ADF7FF /* StreamHistoryViewCell.xib in Resources */ = {isa = PBXBuildFile; fileRef = 189C0EFE210A22B800ADF7FF /* StreamHistoryViewCell.xib */; };
		DB40E2301E71567E009E7C74 /* FBSDKLiveVideo.swift in Sources */ = {isa = PBXBuildFile; fileRef = DB40E22F1E71567E009E7C74 /* FBSDKLiveVideo.swift */; };
		DB9C406E1E70527D00CCBD83 /* AppDelegate.swift in Sources */ = {isa = PBXBuildFile; fileRef = DB9C406D1E70527D00CCBD83 /* AppDelegate.swift */; };
		DB9C40701E70527D00CCBD83 /* HKLiveVideoViewController.swift in Sources */ = {isa = PBXBuildFile; fileRef = DB9C406F1E70527D00CCBD83 /* HKLiveVideoViewController.swift */; };
		DB9C40731E70527D00CCBD83 /* Main.storyboard in Resources */ = {isa = PBXBuildFile; fileRef = DB9C40711E70527D00CCBD83 /* Main.storyboard */; };
		DB9C40751E70527D00CCBD83 /* Assets.xcassets in Resources */ = {isa = PBXBuildFile; fileRef = DB9C40741E70527D00CCBD83 /* Assets.xcassets */; };
		DB9C40781E70527D00CCBD83 /* LaunchScreen.storyboard in Resources */ = {isa = PBXBuildFile; fileRef = DB9C40761E70527D00CCBD83 /* LaunchScreen.storyboard */; };
		EC53B2B8210AD07A000A3866 /* StreamAccountViewCell.swift in Sources */ = {isa = PBXBuildFile; fileRef = EC53B2B6210AD07A000A3866 /* StreamAccountViewCell.swift */; };
		EC53B2B9210AD07A000A3866 /* StreamAccountViewCell.xib in Resources */ = {isa = PBXBuildFile; fileRef = EC53B2B7210AD07A000A3866 /* StreamAccountViewCell.xib */; };
		EC53B2BD210AED22000A3866 /* FrameViewCell.swift in Sources */ = {isa = PBXBuildFile; fileRef = EC53B2BB210AED22000A3866 /* FrameViewCell.swift */; };
		EC53B2BE210AED22000A3866 /* FrameViewCell.xib in Resources */ = {isa = PBXBuildFile; fileRef = EC53B2BC210AED22000A3866 /* FrameViewCell.xib */; };
		EC53B2C2210B03B9000A3866 /* StreamOptionViewCell.swift in Sources */ = {isa = PBXBuildFile; fileRef = EC53B2C0210B03B9000A3866 /* StreamOptionViewCell.swift */; };
		EC53B2C3210B03B9000A3866 /* StreamOptionViewCell.xib in Resources */ = {isa = PBXBuildFile; fileRef = EC53B2C1210B03B9000A3866 /* StreamOptionViewCell.xib */; };
		EC53B2C6210B09E2000A3866 /* UrlStreamViewCell.swift in Sources */ = {isa = PBXBuildFile; fileRef = EC53B2C4210B09E2000A3866 /* UrlStreamViewCell.swift */; };
		EC53B2C7210B09E2000A3866 /* UrlStreamViewCell.xib in Resources */ = {isa = PBXBuildFile; fileRef = EC53B2C5210B09E2000A3866 /* UrlStreamViewCell.xib */; };
		EC53B2CB210B2A14000A3866 /* SelectStreamAccountViewController.swift in Sources */ = {isa = PBXBuildFile; fileRef = EC53B2C9210B2A14000A3866 /* SelectStreamAccountViewController.swift */; };
		EC53B2CC210B2A14000A3866 /* SelectStreamAccountViewController.xib in Resources */ = {isa = PBXBuildFile; fileRef = EC53B2CA210B2A14000A3866 /* SelectStreamAccountViewController.xib */; };
		EC53B2CF210B2EA6000A3866 /* SelectStreamAccountViewCell.swift in Sources */ = {isa = PBXBuildFile; fileRef = EC53B2CD210B2EA6000A3866 /* SelectStreamAccountViewCell.swift */; };
		EC53B2D0210B2EA6000A3866 /* SelectStreamAccountViewCell.xib in Resources */ = {isa = PBXBuildFile; fileRef = EC53B2CE210B2EA6000A3866 /* SelectStreamAccountViewCell.xib */; };
		ECE9439121087901003EB965 /* ImageUtils.swift in Sources */ = {isa = PBXBuildFile; fileRef = ECE9439021087901003EB965 /* ImageUtils.swift */; };
/* End PBXBuildFile section */

/* Begin PBXFileReference section */
		189C0EEC210A12C500ADF7FF /* ProfileViewController.swift */ = {isa = PBXFileReference; lastKnownFileType = sourcecode.swift; name = ProfileViewController.swift; path = ../ProfileViewController.swift; sourceTree = "<group>"; };
		189C0EF3210A133A00ADF7FF /* StreamViewController.swift */ = {isa = PBXFileReference; lastKnownFileType = sourcecode.swift; path = StreamViewController.swift; sourceTree = "<group>"; };
		189C0EF5210A134B00ADF7FF /* HistoryViewController.swift */ = {isa = PBXFileReference; lastKnownFileType = sourcecode.swift; path = HistoryViewController.swift; sourceTree = "<group>"; };
		189C0EF7210A136400ADF7FF /* SetupViewController.swift */ = {isa = PBXFileReference; lastKnownFileType = sourcecode.swift; path = SetupViewController.swift; sourceTree = "<group>"; };
		189C0EF9210A16CE00ADF7FF /* BaseTabbarController.swift */ = {isa = PBXFileReference; lastKnownFileType = sourcecode.swift; path = BaseTabbarController.swift; sourceTree = "<group>"; };
		189C0EFD210A22B800ADF7FF /* StreamHistoryViewCell.swift */ = {isa = PBXFileReference; lastKnownFileType = sourcecode.swift; path = StreamHistoryViewCell.swift; sourceTree = "<group>"; };
		189C0EFE210A22B800ADF7FF /* StreamHistoryViewCell.xib */ = {isa = PBXFileReference; lastKnownFileType = file.xib; path = StreamHistoryViewCell.xib; sourceTree = "<group>"; };
		2B02021FA580E4FBC446761A /* Pods-facebook-live-ios-sample.debug.xcconfig */ = {isa = PBXFileReference; includeInIndex = 1; lastKnownFileType = text.xcconfig; name = "Pods-facebook-live-ios-sample.debug.xcconfig"; path = "Pods/Target Support Files/Pods-facebook-live-ios-sample/Pods-facebook-live-ios-sample.debug.xcconfig"; sourceTree = "<group>"; };
		BF45F806C5E2FD408C4D0C85 /* Pods-facebook-live-ios-sample.release.xcconfig */ = {isa = PBXFileReference; includeInIndex = 1; lastKnownFileType = text.xcconfig; name = "Pods-facebook-live-ios-sample.release.xcconfig"; path = "Pods/Target Support Files/Pods-facebook-live-ios-sample/Pods-facebook-live-ios-sample.release.xcconfig"; sourceTree = "<group>"; };
		C6B77655B3338929356F4ACE /* libPods-facebook-live-ios-sample.a */ = {isa = PBXFileReference; explicitFileType = archive.ar; includeInIndex = 0; path = "libPods-facebook-live-ios-sample.a"; sourceTree = BUILT_PRODUCTS_DIR; };
		DB40E22F1E71567E009E7C74 /* FBSDKLiveVideo.swift */ = {isa = PBXFileReference; fileEncoding = 4; lastKnownFileType = sourcecode.swift; path = FBSDKLiveVideo.swift; sourceTree = "<group>"; };
		DB9C406A1E70527D00CCBD83 /* facebook-live-ios-sample.app */ = {isa = PBXFileReference; explicitFileType = wrapper.application; includeInIndex = 0; path = "facebook-live-ios-sample.app"; sourceTree = BUILT_PRODUCTS_DIR; };
		DB9C406D1E70527D00CCBD83 /* AppDelegate.swift */ = {isa = PBXFileReference; lastKnownFileType = sourcecode.swift; path = AppDelegate.swift; sourceTree = "<group>"; };
		DB9C406F1E70527D00CCBD83 /* HKLiveVideoViewController.swift */ = {isa = PBXFileReference; lastKnownFileType = sourcecode.swift; path = HKLiveVideoViewController.swift; sourceTree = "<group>"; };
		DB9C40721E70527D00CCBD83 /* Base */ = {isa = PBXFileReference; lastKnownFileType = file.storyboard; name = Base; path = Base.lproj/Main.storyboard; sourceTree = "<group>"; };
		DB9C40741E70527D00CCBD83 /* Assets.xcassets */ = {isa = PBXFileReference; lastKnownFileType = folder.assetcatalog; path = Assets.xcassets; sourceTree = "<group>"; };
		DB9C40771E70527D00CCBD83 /* Base */ = {isa = PBXFileReference; lastKnownFileType = file.storyboard; name = Base; path = Base.lproj/LaunchScreen.storyboard; sourceTree = "<group>"; };
		DB9C40791E70527D00CCBD83 /* Info.plist */ = {isa = PBXFileReference; lastKnownFileType = text.plist.xml; path = Info.plist; sourceTree = "<group>"; };
		DB9C407F1E70559F00CCBD83 /* facebook-live-ios-sample.entitlements */ = {isa = PBXFileReference; lastKnownFileType = text.plist.entitlements; path = "facebook-live-ios-sample.entitlements"; sourceTree = "<group>"; };
		DBA01A2D1E71CAD80005A439 /* facebook-live-ios-sample-Bridging-Header.h */ = {isa = PBXFileReference; lastKnownFileType = sourcecode.c.h; path = "facebook-live-ios-sample-Bridging-Header.h"; sourceTree = "<group>"; };
		DBBBFCFB1E7166E100CD90AC /* de */ = {isa = PBXFileReference; lastKnownFileType = text.plist.strings; name = de; path = de.lproj/Main.strings; sourceTree = "<group>"; };
		DBBBFCFC1E7166E100CD90AC /* de */ = {isa = PBXFileReference; lastKnownFileType = text.plist.strings; name = de; path = de.lproj/LaunchScreen.strings; sourceTree = "<group>"; };
		EC53B2B6210AD07A000A3866 /* StreamAccountViewCell.swift */ = {isa = PBXFileReference; lastKnownFileType = sourcecode.swift; path = StreamAccountViewCell.swift; sourceTree = "<group>"; };
		EC53B2B7210AD07A000A3866 /* StreamAccountViewCell.xib */ = {isa = PBXFileReference; lastKnownFileType = file.xib; path = StreamAccountViewCell.xib; sourceTree = "<group>"; };
		EC53B2BB210AED22000A3866 /* FrameViewCell.swift */ = {isa = PBXFileReference; lastKnownFileType = sourcecode.swift; path = FrameViewCell.swift; sourceTree = "<group>"; };
		EC53B2BC210AED22000A3866 /* FrameViewCell.xib */ = {isa = PBXFileReference; lastKnownFileType = file.xib; path = FrameViewCell.xib; sourceTree = "<group>"; };
		EC53B2C0210B03B9000A3866 /* StreamOptionViewCell.swift */ = {isa = PBXFileReference; lastKnownFileType = sourcecode.swift; path = StreamOptionViewCell.swift; sourceTree = "<group>"; };
		EC53B2C1210B03B9000A3866 /* StreamOptionViewCell.xib */ = {isa = PBXFileReference; lastKnownFileType = file.xib; path = StreamOptionViewCell.xib; sourceTree = "<group>"; };
		EC53B2C4210B09E2000A3866 /* UrlStreamViewCell.swift */ = {isa = PBXFileReference; lastKnownFileType = sourcecode.swift; path = UrlStreamViewCell.swift; sourceTree = "<group>"; };
		EC53B2C5210B09E2000A3866 /* UrlStreamViewCell.xib */ = {isa = PBXFileReference; lastKnownFileType = file.xib; path = UrlStreamViewCell.xib; sourceTree = "<group>"; };
		EC53B2C9210B2A14000A3866 /* SelectStreamAccountViewController.swift */ = {isa = PBXFileReference; lastKnownFileType = sourcecode.swift; path = SelectStreamAccountViewController.swift; sourceTree = "<group>"; };
		EC53B2CA210B2A14000A3866 /* SelectStreamAccountViewController.xib */ = {isa = PBXFileReference; lastKnownFileType = file.xib; path = SelectStreamAccountViewController.xib; sourceTree = "<group>"; };
		EC53B2CD210B2EA6000A3866 /* SelectStreamAccountViewCell.swift */ = {isa = PBXFileReference; lastKnownFileType = sourcecode.swift; path = SelectStreamAccountViewCell.swift; sourceTree = "<group>"; };
		EC53B2CE210B2EA6000A3866 /* SelectStreamAccountViewCell.xib */ = {isa = PBXFileReference; lastKnownFileType = file.xib; path = SelectStreamAccountViewCell.xib; sourceTree = "<group>"; };
		ECE9439021087901003EB965 /* ImageUtils.swift */ = {isa = PBXFileReference; lastKnownFileType = sourcecode.swift; path = ImageUtils.swift; sourceTree = "<group>"; };
/* End PBXFileReference section */

/* Begin PBXFrameworksBuildPhase section */
		DB9C40671E70527D00CCBD83 /* Frameworks */ = {
			isa = PBXFrameworksBuildPhase;
			buildActionMask = 2147483647;
			files = (
				02A9527CEAF89D8F28A4D2A1 /* libPods-facebook-live-ios-sample.a in Frameworks */,
			);
			runOnlyForDeploymentPostprocessing = 0;
		};
/* End PBXFrameworksBuildPhase section */

/* Begin PBXGroup section */
		189C0EEE210A12D000ADF7FF /* Screens */ = {
			isa = PBXGroup;
			children = (
				189C0EF2210A131100ADF7FF /* Stream */,
				189C0EF1210A130500ADF7FF /* Setup */,
				189C0EF0210A12FB00ADF7FF /* History */,
				189C0EEF210A12E500ADF7FF /* Profile */,
			);
			path = Screens;
			sourceTree = "<group>";
		};
		189C0EEF210A12E500ADF7FF /* Profile */ = {
			isa = PBXGroup;
			children = (
				EC53B2B5210ACF81000A3866 /* View */,
				189C0EEC210A12C500ADF7FF /* ProfileViewController.swift */,
			);
			name = Profile;
			sourceTree = "<group>";
		};
		189C0EF0210A12FB00ADF7FF /* History */ = {
			isa = PBXGroup;
			children = (
				189C0EFC210A228C00ADF7FF /* Model */,
				189C0EFB210A228300ADF7FF /* View */,
				189C0EF5210A134B00ADF7FF /* HistoryViewController.swift */,
			);
			path = History;
			sourceTree = "<group>";
		};
		189C0EF1210A130500ADF7FF /* Setup */ = {
			isa = PBXGroup;
			children = (
				EC53B2BA210AECE1000A3866 /* View */,
				189C0EF7210A136400ADF7FF /* SetupViewController.swift */,
			);
			name = Setup;
			sourceTree = "<group>";
		};
		189C0EF2210A131100ADF7FF /* Stream */ = {
			isa = PBXGroup;
			children = (
				EC53B2C8210B29C1000A3866 /* Controller */,
				EC53B2BF210B0372000A3866 /* View */,
				189C0EF3210A133A00ADF7FF /* StreamViewController.swift */,
			);
			path = Stream;
			sourceTree = "<group>";
		};
		189C0EFB210A228300ADF7FF /* View */ = {
			isa = PBXGroup;
			children = (
				189C0EFE210A22B800ADF7FF /* StreamHistoryViewCell.xib */,
			);
			name = View;
			sourceTree = "<group>";
		};
		189C0EFC210A228C00ADF7FF /* Model */ = {
			isa = PBXGroup;
			children = (
				189C0EFD210A22B800ADF7FF /* StreamHistoryViewCell.swift */,
			);
			path = Model;
			sourceTree = "<group>";
		};
		8C8D5D6C4F7A4A5BE8BB6845 /* Frameworks */ = {
			isa = PBXGroup;
			children = (
				C6B77655B3338929356F4ACE /* libPods-facebook-live-ios-sample.a */,
			);
			name = Frameworks;
			sourceTree = "<group>";
		};
		B899DF51AB4E2E0637E0AE01 /* Pods */ = {
			isa = PBXGroup;
			children = (
				2B02021FA580E4FBC446761A /* Pods-facebook-live-ios-sample.debug.xcconfig */,
				BF45F806C5E2FD408C4D0C85 /* Pods-facebook-live-ios-sample.release.xcconfig */,
			);
			name = Pods;
			sourceTree = "<group>";
		};
		DB9C40611E70527D00CCBD83 = {
			isa = PBXGroup;
			children = (
				DB9C406C1E70527D00CCBD83 /* facebook-live-ios-sample */,
				DB9C406B1E70527D00CCBD83 /* Products */,
				B899DF51AB4E2E0637E0AE01 /* Pods */,
				8C8D5D6C4F7A4A5BE8BB6845 /* Frameworks */,
			);
			sourceTree = "<group>";
		};
		DB9C406B1E70527D00CCBD83 /* Products */ = {
			isa = PBXGroup;
			children = (
				DB9C406A1E70527D00CCBD83 /* facebook-live-ios-sample.app */,
			);
			name = Products;
			sourceTree = "<group>";
		};
		DB9C406C1E70527D00CCBD83 /* facebook-live-ios-sample */ = {
			isa = PBXGroup;
			children = (
				189C0EEE210A12D000ADF7FF /* Screens */,
				ECE9438F210878E3003EB965 /* Utils */,
				DB9C40811E7055BE00CCBD83 /* Classes */,
				DB9C40801E7055AC00CCBD83 /* Resources */,
			);
			path = "facebook-live-ios-sample";
			sourceTree = "<group>";
		};
		DB9C40801E7055AC00CCBD83 /* Resources */ = {
			isa = PBXGroup;
			children = (
				DB9C40711E70527D00CCBD83 /* Main.storyboard */,
				DB9C40761E70527D00CCBD83 /* LaunchScreen.storyboard */,
				DB9C40791E70527D00CCBD83 /* Info.plist */,
				DBA01A2D1E71CAD80005A439 /* facebook-live-ios-sample-Bridging-Header.h */,
				DB9C407F1E70559F00CCBD83 /* facebook-live-ios-sample.entitlements */,
				DB9C40741E70527D00CCBD83 /* Assets.xcassets */,
			);
			name = Resources;
			sourceTree = "<group>";
		};
		DB9C40811E7055BE00CCBD83 /* Classes */ = {
			isa = PBXGroup;
			children = (
				DBF6E1BF1E8BC1B800875443 /* FBSDKLiveVideo */,
				DB9C406D1E70527D00CCBD83 /* AppDelegate.swift */,
				DB9C406F1E70527D00CCBD83 /* HKLiveVideoViewController.swift */,
				189C0EF9210A16CE00ADF7FF /* BaseTabbarController.swift */,
			);
			name = Classes;
			sourceTree = "<group>";
		};
		DBF6E1BF1E8BC1B800875443 /* FBSDKLiveVideo */ = {
			isa = PBXGroup;
			children = (
				DB40E22F1E71567E009E7C74 /* FBSDKLiveVideo.swift */,
			);
			name = FBSDKLiveVideo;
			sourceTree = "<group>";
		};
		EC53B2B5210ACF81000A3866 /* View */ = {
			isa = PBXGroup;
			children = (
				EC53B2B6210AD07A000A3866 /* StreamAccountViewCell.swift */,
				EC53B2B7210AD07A000A3866 /* StreamAccountViewCell.xib */,
			);
			name = View;
			path = "New Group";
			sourceTree = "<group>";
		};
		EC53B2BA210AECE1000A3866 /* View */ = {
			isa = PBXGroup;
			children = (
				EC53B2BB210AED22000A3866 /* FrameViewCell.swift */,
				EC53B2BC210AED22000A3866 /* FrameViewCell.xib */,
			);
			path = View;
			sourceTree = "<group>";
		};
		EC53B2BF210B0372000A3866 /* View */ = {
			isa = PBXGroup;
			children = (
				EC53B2C0210B03B9000A3866 /* StreamOptionViewCell.swift */,
				EC53B2C1210B03B9000A3866 /* StreamOptionViewCell.xib */,
				EC53B2C4210B09E2000A3866 /* UrlStreamViewCell.swift */,
				EC53B2C5210B09E2000A3866 /* UrlStreamViewCell.xib */,
				EC53B2CD210B2EA6000A3866 /* SelectStreamAccountViewCell.swift */,
				EC53B2CE210B2EA6000A3866 /* SelectStreamAccountViewCell.xib */,
			);
			name = View;
			sourceTree = "<group>";
		};
		EC53B2C8210B29C1000A3866 /* Controller */ = {
			isa = PBXGroup;
			children = (
				EC53B2C9210B2A14000A3866 /* SelectStreamAccountViewController.swift */,
				EC53B2CA210B2A14000A3866 /* SelectStreamAccountViewController.xib */,
			);
			path = Controller;
			sourceTree = "<group>";
		};
		ECE9438F210878E3003EB965 /* Utils */ = {
			isa = PBXGroup;
			children = (
				ECE9439021087901003EB965 /* ImageUtils.swift */,
			);
			path = Utils;
			sourceTree = "<group>";
		};
/* End PBXGroup section */

/* Begin PBXNativeTarget section */
		DB9C40691E70527D00CCBD83 /* facebook-live-ios-sample */ = {
			isa = PBXNativeTarget;
			buildConfigurationList = DB9C407C1E70527D00CCBD83 /* Build configuration list for PBXNativeTarget "facebook-live-ios-sample" */;
			buildPhases = (
				45F0C3BA49E1BBD0F67BFE54 /* [CP] Check Pods Manifest.lock */,
				DB9C40661E70527D00CCBD83 /* Sources */,
				DB9C40671E70527D00CCBD83 /* Frameworks */,
				DB9C40681E70527D00CCBD83 /* Resources */,
				34741E159FD04094EC28E4D2 /* [CP] Copy Pods Resources */,
				069DD6882EF2026AD8154965 /* [CP] Embed Pods Frameworks */,
			);
			buildRules = (
			);
			dependencies = (
			);
			name = "facebook-live-ios-sample";
			productName = "facebook-live-ios-sample";
			productReference = DB9C406A1E70527D00CCBD83 /* facebook-live-ios-sample.app */;
			productType = "com.apple.product-type.application";
		};
/* End PBXNativeTarget section */

/* Begin PBXProject section */
		DB9C40621E70527D00CCBD83 /* Project object */ = {
			isa = PBXProject;
			attributes = {
				LastSwiftUpdateCheck = 0820;
				LastUpgradeCheck = 0820;
				ORGANIZATIONNAME = "Hans Knoechel";
				TargetAttributes = {
					DB9C40691E70527D00CCBD83 = {
						CreatedOnToolsVersion = 8.2.1;
						DevelopmentTeam = F59XSVKP6X;
						LastSwiftMigration = 0830;
						ProvisioningStyle = Automatic;
						SystemCapabilities = {
							com.apple.Keychain = {
								enabled = 1;
							};
						};
					};
				};
			};
			buildConfigurationList = DB9C40651E70527D00CCBD83 /* Build configuration list for PBXProject "facebook-live-ios-sample" */;
			compatibilityVersion = "Xcode 3.2";
			developmentRegion = English;
			hasScannedForEncodings = 0;
			knownRegions = (
				en,
				Base,
			);
			mainGroup = DB9C40611E70527D00CCBD83;
			productRefGroup = DB9C406B1E70527D00CCBD83 /* Products */;
			projectDirPath = "";
			projectRoot = "";
			targets = (
				DB9C40691E70527D00CCBD83 /* facebook-live-ios-sample */,
			);
		};
/* End PBXProject section */

/* Begin PBXResourcesBuildPhase section */
		DB9C40681E70527D00CCBD83 /* Resources */ = {
			isa = PBXResourcesBuildPhase;
			buildActionMask = 2147483647;
			files = (
				EC53B2CC210B2A14000A3866 /* SelectStreamAccountViewController.xib in Resources */,
				EC53B2C7210B09E2000A3866 /* UrlStreamViewCell.xib in Resources */,
				DB9C40781E70527D00CCBD83 /* LaunchScreen.storyboard in Resources */,
				DB9C40751E70527D00CCBD83 /* Assets.xcassets in Resources */,
				EC53B2D0210B2EA6000A3866 /* SelectStreamAccountViewCell.xib in Resources */,
				DB9C40731E70527D00CCBD83 /* Main.storyboard in Resources */,
				189C0F00210A22B800ADF7FF /* StreamHistoryViewCell.xib in Resources */,
				EC53B2BE210AED22000A3866 /* FrameViewCell.xib in Resources */,
				EC53B2B9210AD07A000A3866 /* StreamAccountViewCell.xib in Resources */,
				EC53B2C3210B03B9000A3866 /* StreamOptionViewCell.xib in Resources */,
			);
			runOnlyForDeploymentPostprocessing = 0;
		};
/* End PBXResourcesBuildPhase section */

/* Begin PBXShellScriptBuildPhase section */
		069DD6882EF2026AD8154965 /* [CP] Embed Pods Frameworks */ = {
			isa = PBXShellScriptBuildPhase;
			buildActionMask = 2147483647;
			files = (
			);
			inputPaths = (
			);
			name = "[CP] Embed Pods Frameworks";
			outputPaths = (
			);
			runOnlyForDeploymentPostprocessing = 0;
			shellPath = /bin/sh;
			shellScript = "\"${SRCROOT}/Pods/Target Support Files/Pods-facebook-live-ios-sample/Pods-facebook-live-ios-sample-frameworks.sh\"\n";
			showEnvVarsInLog = 0;
		};
		34741E159FD04094EC28E4D2 /* [CP] Copy Pods Resources */ = {
			isa = PBXShellScriptBuildPhase;
			buildActionMask = 2147483647;
			files = (
			);
			inputPaths = (
				"${SRCROOT}/Pods/Target Support Files/Pods-facebook-live-ios-sample/Pods-facebook-live-ios-sample-resources.sh",
				"${PODS_ROOT}/FBSDKCoreKit/FacebookSDKStrings.bundle",
			);
			name = "[CP] Copy Pods Resources";
			outputPaths = (
				"${TARGET_BUILD_DIR}/${UNLOCALIZED_RESOURCES_FOLDER_PATH}/FacebookSDKStrings.bundle",
			);
			runOnlyForDeploymentPostprocessing = 0;
			shellPath = /bin/sh;
			shellScript = "\"${SRCROOT}/Pods/Target Support Files/Pods-facebook-live-ios-sample/Pods-facebook-live-ios-sample-resources.sh\"\n";
			showEnvVarsInLog = 0;
		};
		45F0C3BA49E1BBD0F67BFE54 /* [CP] Check Pods Manifest.lock */ = {
			isa = PBXShellScriptBuildPhase;
			buildActionMask = 2147483647;
			files = (
			);
			inputPaths = (
				"${PODS_PODFILE_DIR_PATH}/Podfile.lock",
				"${PODS_ROOT}/Manifest.lock",
			);
			name = "[CP] Check Pods Manifest.lock";
			outputPaths = (
				"$(DERIVED_FILE_DIR)/Pods-facebook-live-ios-sample-checkManifestLockResult.txt",
			);
			runOnlyForDeploymentPostprocessing = 0;
			shellPath = /bin/sh;
			shellScript = "diff \"${PODS_PODFILE_DIR_PATH}/Podfile.lock\" \"${PODS_ROOT}/Manifest.lock\" > /dev/null\nif [ $? != 0 ] ; then\n    # print error to STDERR\n    echo \"error: The sandbox is not in sync with the Podfile.lock. Run 'pod install' or update your CocoaPods installation.\" >&2\n    exit 1\nfi\n# This output is used by Xcode 'outputs' to avoid re-running this script phase.\necho \"SUCCESS\" > \"${SCRIPT_OUTPUT_FILE_0}\"\n";
			showEnvVarsInLog = 0;
		};
/* End PBXShellScriptBuildPhase section */

/* Begin PBXSourcesBuildPhase section */
		DB9C40661E70527D00CCBD83 /* Sources */ = {
			isa = PBXSourcesBuildPhase;
			buildActionMask = 2147483647;
			files = (
				EC53B2CF210B2EA6000A3866 /* SelectStreamAccountViewCell.swift in Sources */,
				EC53B2BD210AED22000A3866 /* FrameViewCell.swift in Sources */,
				DB9C40701E70527D00CCBD83 /* HKLiveVideoViewController.swift in Sources */,
				DB40E2301E71567E009E7C74 /* FBSDKLiveVideo.swift in Sources */,
				189C0EF4210A133A00ADF7FF /* StreamViewController.swift in Sources */,
				189C0EED210A12C500ADF7FF /* ProfileViewController.swift in Sources */,
				189C0EF8210A136400ADF7FF /* SetupViewController.swift in Sources */,
				EC53B2C6210B09E2000A3866 /* UrlStreamViewCell.swift in Sources */,
				EC53B2CB210B2A14000A3866 /* SelectStreamAccountViewController.swift in Sources */,
				EC53B2C2210B03B9000A3866 /* StreamOptionViewCell.swift in Sources */,
				EC53B2B8210AD07A000A3866 /* StreamAccountViewCell.swift in Sources */,
				189C0EFF210A22B800ADF7FF /* StreamHistoryViewCell.swift in Sources */,
				189C0EFA210A16CF00ADF7FF /* BaseTabbarController.swift in Sources */,
				DB9C406E1E70527D00CCBD83 /* AppDelegate.swift in Sources */,
				189C0EF6210A134B00ADF7FF /* HistoryViewController.swift in Sources */,
				ECE9439121087901003EB965 /* ImageUtils.swift in Sources */,
			);
			runOnlyForDeploymentPostprocessing = 0;
		};
/* End PBXSourcesBuildPhase section */

/* Begin PBXVariantGroup section */
		DB9C40711E70527D00CCBD83 /* Main.storyboard */ = {
			isa = PBXVariantGroup;
			children = (
				DB9C40721E70527D00CCBD83 /* Base */,
				DBBBFCFB1E7166E100CD90AC /* de */,
			);
			name = Main.storyboard;
			sourceTree = "<group>";
		};
		DB9C40761E70527D00CCBD83 /* LaunchScreen.storyboard */ = {
			isa = PBXVariantGroup;
			children = (
				DB9C40771E70527D00CCBD83 /* Base */,
				DBBBFCFC1E7166E100CD90AC /* de */,
			);
			name = LaunchScreen.storyboard;
			sourceTree = "<group>";
		};
/* End PBXVariantGroup section */

/* Begin XCBuildConfiguration section */
		DB9C407A1E70527D00CCBD83 /* Debug */ = {
			isa = XCBuildConfiguration;
			buildSettings = {
				ALWAYS_SEARCH_USER_PATHS = NO;
				CLANG_ANALYZER_LOCALIZABILITY_NONLOCALIZED = YES;
				CLANG_ANALYZER_NONNULL = YES;
				CLANG_CXX_LANGUAGE_STANDARD = "gnu++0x";
				CLANG_CXX_LIBRARY = "libc++";
				CLANG_ENABLE_MODULES = YES;
				CLANG_ENABLE_OBJC_ARC = YES;
				CLANG_WARN_BOOL_CONVERSION = YES;
				CLANG_WARN_CONSTANT_CONVERSION = YES;
				CLANG_WARN_DIRECT_OBJC_ISA_USAGE = YES_ERROR;
				CLANG_WARN_DOCUMENTATION_COMMENTS = YES;
				CLANG_WARN_EMPTY_BODY = YES;
				CLANG_WARN_ENUM_CONVERSION = YES;
				CLANG_WARN_INFINITE_RECURSION = YES;
				CLANG_WARN_INT_CONVERSION = YES;
				CLANG_WARN_OBJC_ROOT_CLASS = YES_ERROR;
				CLANG_WARN_SUSPICIOUS_MOVE = YES;
				CLANG_WARN_UNREACHABLE_CODE = YES;
				CLANG_WARN__DUPLICATE_METHOD_MATCH = YES;
				"CODE_SIGN_IDENTITY[sdk=iphoneos*]" = "iPhone Developer";
				COPY_PHASE_STRIP = NO;
				DEBUG_INFORMATION_FORMAT = dwarf;
				ENABLE_STRICT_OBJC_MSGSEND = YES;
				ENABLE_TESTABILITY = YES;
				GCC_C_LANGUAGE_STANDARD = gnu99;
				GCC_DYNAMIC_NO_PIC = NO;
				GCC_NO_COMMON_BLOCKS = YES;
				GCC_OPTIMIZATION_LEVEL = 0;
				GCC_PREPROCESSOR_DEFINITIONS = (
					"DEBUG=1",
					"$(inherited)",
				);
				GCC_WARN_64_TO_32_BIT_CONVERSION = YES;
				GCC_WARN_ABOUT_RETURN_TYPE = YES_ERROR;
				GCC_WARN_UNDECLARED_SELECTOR = YES;
				GCC_WARN_UNINITIALIZED_AUTOS = YES_AGGRESSIVE;
				GCC_WARN_UNUSED_FUNCTION = YES;
				GCC_WARN_UNUSED_VARIABLE = YES;
				IPHONEOS_DEPLOYMENT_TARGET = 10.2;
				MTL_ENABLE_DEBUG_INFO = YES;
				ONLY_ACTIVE_ARCH = YES;
				SDKROOT = iphoneos;
				SWIFT_ACTIVE_COMPILATION_CONDITIONS = DEBUG;
				SWIFT_OPTIMIZATION_LEVEL = "-Onone";
				TARGETED_DEVICE_FAMILY = "1,2";
				USER_HEADER_SEARCH_PATHS = "Pods/**";
			};
			name = Debug;
		};
		DB9C407B1E70527D00CCBD83 /* Release */ = {
			isa = XCBuildConfiguration;
			buildSettings = {
				ALWAYS_SEARCH_USER_PATHS = NO;
				CLANG_ANALYZER_LOCALIZABILITY_NONLOCALIZED = YES;
				CLANG_ANALYZER_NONNULL = YES;
				CLANG_CXX_LANGUAGE_STANDARD = "gnu++0x";
				CLANG_CXX_LIBRARY = "libc++";
				CLANG_ENABLE_MODULES = YES;
				CLANG_ENABLE_OBJC_ARC = YES;
				CLANG_WARN_BOOL_CONVERSION = YES;
				CLANG_WARN_CONSTANT_CONVERSION = YES;
				CLANG_WARN_DIRECT_OBJC_ISA_USAGE = YES_ERROR;
				CLANG_WARN_DOCUMENTATION_COMMENTS = YES;
				CLANG_WARN_EMPTY_BODY = YES;
				CLANG_WARN_ENUM_CONVERSION = YES;
				CLANG_WARN_INFINITE_RECURSION = YES;
				CLANG_WARN_INT_CONVERSION = YES;
				CLANG_WARN_OBJC_ROOT_CLASS = YES_ERROR;
				CLANG_WARN_SUSPICIOUS_MOVE = YES;
				CLANG_WARN_UNREACHABLE_CODE = YES;
				CLANG_WARN__DUPLICATE_METHOD_MATCH = YES;
				"CODE_SIGN_IDENTITY[sdk=iphoneos*]" = "iPhone Developer";
				COPY_PHASE_STRIP = NO;
				DEBUG_INFORMATION_FORMAT = "dwarf-with-dsym";
				ENABLE_NS_ASSERTIONS = NO;
				ENABLE_STRICT_OBJC_MSGSEND = YES;
				GCC_C_LANGUAGE_STANDARD = gnu99;
				GCC_NO_COMMON_BLOCKS = YES;
				GCC_WARN_64_TO_32_BIT_CONVERSION = YES;
				GCC_WARN_ABOUT_RETURN_TYPE = YES_ERROR;
				GCC_WARN_UNDECLARED_SELECTOR = YES;
				GCC_WARN_UNINITIALIZED_AUTOS = YES_AGGRESSIVE;
				GCC_WARN_UNUSED_FUNCTION = YES;
				GCC_WARN_UNUSED_VARIABLE = YES;
				IPHONEOS_DEPLOYMENT_TARGET = 10.2;
				MTL_ENABLE_DEBUG_INFO = NO;
				SDKROOT = iphoneos;
				SWIFT_OPTIMIZATION_LEVEL = "-Owholemodule";
				TARGETED_DEVICE_FAMILY = "1,2";
				USER_HEADER_SEARCH_PATHS = "Pods/**";
				VALIDATE_PRODUCT = YES;
			};
			name = Release;
		};
		DB9C407D1E70527D00CCBD83 /* Debug */ = {
			isa = XCBuildConfiguration;
			baseConfigurationReference = 2B02021FA580E4FBC446761A /* Pods-facebook-live-ios-sample.debug.xcconfig */;
			buildSettings = {
				ASSETCATALOG_COMPILER_APPICON_NAME = AppIcon;
				CLANG_ENABLE_MODULES = YES;
				CODE_SIGN_ENTITLEMENTS = "facebook-live-ios-sample/facebook-live-ios-sample.entitlements";
				DEVELOPMENT_TEAM = F59XSVKP6X;
				INFOPLIST_FILE = "facebook-live-ios-sample/Info.plist";
				LD_RUNPATH_SEARCH_PATHS = "$(inherited) @executable_path/Frameworks";
				PRODUCT_BUNDLE_IDENTIFIER = com.csb.facebooklive;
				PRODUCT_NAME = "$(TARGET_NAME)";
				SWIFT_OBJC_BRIDGING_HEADER = "facebook-live-ios-sample/facebook-live-ios-sample-Bridging-Header.h";
				SWIFT_OPTIMIZATION_LEVEL = "-Onone";
				SWIFT_VERSION = 3.0;
				TARGETED_DEVICE_FAMILY = 1;
			};
			name = Debug;
		};
		DB9C407E1E70527D00CCBD83 /* Release */ = {
			isa = XCBuildConfiguration;
			baseConfigurationReference = BF45F806C5E2FD408C4D0C85 /* Pods-facebook-live-ios-sample.release.xcconfig */;
			buildSettings = {
				ASSETCATALOG_COMPILER_APPICON_NAME = AppIcon;
				CLANG_ENABLE_MODULES = YES;
				CODE_SIGN_ENTITLEMENTS = "facebook-live-ios-sample/facebook-live-ios-sample.entitlements";
				DEVELOPMENT_TEAM = F59XSVKP6X;
				INFOPLIST_FILE = "facebook-live-ios-sample/Info.plist";
				LD_RUNPATH_SEARCH_PATHS = "$(inherited) @executable_path/Frameworks";
				PRODUCT_BUNDLE_IDENTIFIER = com.csb.facebooklive;
				PRODUCT_NAME = "$(TARGET_NAME)";
				SWIFT_OBJC_BRIDGING_HEADER = "facebook-live-ios-sample/facebook-live-ios-sample-Bridging-Header.h";
				SWIFT_VERSION = 3.0;
				TARGETED_DEVICE_FAMILY = 1;
			};
			name = Release;
		};
/* End XCBuildConfiguration section */

/* Begin XCConfigurationList section */
		DB9C40651E70527D00CCBD83 /* Build configuration list for PBXProject "facebook-live-ios-sample" */ = {
			isa = XCConfigurationList;
			buildConfigurations = (
				DB9C407A1E70527D00CCBD83 /* Debug */,
				DB9C407B1E70527D00CCBD83 /* Release */,
			);
			defaultConfigurationIsVisible = 0;
			defaultConfigurationName = Release;
		};
		DB9C407C1E70527D00CCBD83 /* Build configuration list for PBXNativeTarget "facebook-live-ios-sample" */ = {
			isa = XCConfigurationList;
			buildConfigurations = (
				DB9C407D1E70527D00CCBD83 /* Debug */,
				DB9C407E1E70527D00CCBD83 /* Release */,
			);
			defaultConfigurationIsVisible = 0;
			defaultConfigurationName = Release;
		};
/* End XCConfigurationList section */
	};
	rootObject = DB9C40621E70527D00CCBD83 /* Project object */;
}
